// !$*UTF8*$!
{
	archiveVersion = 1;
	classes = {
	};
	objectVersion = 50;
	objects = {

/* Begin PBXBuildFile section */
		3DC222B721AF31D600A50060 /* AppDelegate.swift in Sources */ = {isa = PBXBuildFile; fileRef = 3DC222B621AF31D600A50060 /* AppDelegate.swift */; };
		3DC222B921AF31D600A50060 /* ViewController.swift in Sources */ = {isa = PBXBuildFile; fileRef = 3DC222B821AF31D600A50060 /* ViewController.swift */; };
		3DC222BB21AF31D600A50060 /* Assets.xcassets in Resources */ = {isa = PBXBuildFile; fileRef = 3DC222BA21AF31D600A50060 /* Assets.xcassets */; };
		3DC222BE21AF31D700A50060 /* Main.storyboard in Resources */ = {isa = PBXBuildFile; fileRef = 3DC222BC21AF31D700A50060 /* Main.storyboard */; };
		3DC222C721AF324200A50060 /* Renderer.swift in Sources */ = {isa = PBXBuildFile; fileRef = 3DC222C621AF324200A50060 /* Renderer.swift */; };
		3DC222C921AF349A00A50060 /* Primitive.swift in Sources */ = {isa = PBXBuildFile; fileRef = 3DC222C821AF349A00A50060 /* Primitive.swift */; };
		3DC222CB21AF388700A50060 /* Shaders.metal in Sources */ = {isa = PBXBuildFile; fileRef = 3DC222CA21AF388700A50060 /* Shaders.metal */; };
		57DA0F8B21AF64D300A74ACD /* choo-choo.obj in Resources */ = {isa = PBXBuildFile; fileRef = 57DA0F8A21AF641A00A74ACD /* choo-choo.obj */; };
		57DA0F8F21B00BB300A74ACD /* Constants.swift in Sources */ = {isa = PBXBuildFile; fileRef = 57DA0F8E21B00BB300A74ACD /* Constants.swift */; };
/* End PBXBuildFile section */

/* Begin PBXFileReference section */
		3DC222B321AF31D600A50060 /* MetalTemplate.app */ = {isa = PBXFileReference; explicitFileType = wrapper.application; includeInIndex = 0; path = MetalTemplate.app; sourceTree = BUILT_PRODUCTS_DIR; };
		3DC222B621AF31D600A50060 /* AppDelegate.swift */ = {isa = PBXFileReference; lastKnownFileType = sourcecode.swift; path = AppDelegate.swift; sourceTree = "<group>"; };
		3DC222B821AF31D600A50060 /* ViewController.swift */ = {isa = PBXFileReference; lastKnownFileType = sourcecode.swift; path = ViewController.swift; sourceTree = "<group>"; };
		3DC222BA21AF31D600A50060 /* Assets.xcassets */ = {isa = PBXFileReference; lastKnownFileType = folder.assetcatalog; path = Assets.xcassets; sourceTree = "<group>"; };
		3DC222BD21AF31D700A50060 /* Base */ = {isa = PBXFileReference; lastKnownFileType = file.storyboard; name = Base; path = Base.lproj/Main.storyboard; sourceTree = "<group>"; };
		3DC222BF21AF31D700A50060 /* Info.plist */ = {isa = PBXFileReference; lastKnownFileType = text.plist.xml; path = Info.plist; sourceTree = "<group>"; };
		3DC222C021AF31D700A50060 /* MetalTemplate.entitlements */ = {isa = PBXFileReference; lastKnownFileType = text.plist.entitlements; path = MetalTemplate.entitlements; sourceTree = "<group>"; };
		3DC222C621AF324200A50060 /* Renderer.swift */ = {isa = PBXFileReference; lastKnownFileType = sourcecode.swift; path = Renderer.swift; sourceTree = "<group>"; };
		3DC222C821AF349A00A50060 /* Primitive.swift */ = {isa = PBXFileReference; lastKnownFileType = sourcecode.swift; path = Primitive.swift; sourceTree = "<group>"; };
		3DC222CA21AF388700A50060 /* Shaders.metal */ = {isa = PBXFileReference; lastKnownFileType = sourcecode.metal; path = Shaders.metal; sourceTree = "<group>"; };
		57DA0F8A21AF641A00A74ACD /* choo-choo.obj */ = {isa = PBXFileReference; lastKnownFileType = text; path = "choo-choo.obj"; sourceTree = "<group>"; };
		57DA0F8E21B00BB300A74ACD /* Constants.swift */ = {isa = PBXFileReference; lastKnownFileType = sourcecode.swift; path = Constants.swift; sourceTree = "<group>"; };
/* End PBXFileReference section */

/* Begin PBXFrameworksBuildPhase section */
		3DC222B021AF31D600A50060 /* Frameworks */ = {
			isa = PBXFrameworksBuildPhase;
			buildActionMask = 2147483647;
			files = (
			);
			runOnlyForDeploymentPostprocessing = 0;
		};
/* End PBXFrameworksBuildPhase section */

/* Begin PBXGroup section */
		3DC222AA21AF31D600A50060 = {
			isa = PBXGroup;
			children = (
				3DC222B521AF31D600A50060 /* MetalTemplate */,
				3DC222B421AF31D600A50060 /* Products */,
			);
			sourceTree = "<group>";
		};
		3DC222B421AF31D600A50060 /* Products */ = {
			isa = PBXGroup;
			children = (
				3DC222B321AF31D600A50060 /* MetalTemplate.app */,
			);
			name = Products;
			sourceTree = "<group>";
		};
		3DC222B521AF31D600A50060 /* MetalTemplate */ = {
			isa = PBXGroup;
			children = (
				57DA0F8E21B00BB300A74ACD /* Constants.swift */,
				57DA0F8A21AF641A00A74ACD /* choo-choo.obj */,
				3DC222B621AF31D600A50060 /* AppDelegate.swift */,
				3DC222B821AF31D600A50060 /* ViewController.swift */,
				3DC222C821AF349A00A50060 /* Primitive.swift */,
				3DC222C621AF324200A50060 /* Renderer.swift */,
				3DC222CA21AF388700A50060 /* Shaders.metal */,
				3DC222BA21AF31D600A50060 /* Assets.xcassets */,
				3DC222BC21AF31D700A50060 /* Main.storyboard */,
				3DC222BF21AF31D700A50060 /* Info.plist */,
				3DC222C021AF31D700A50060 /* MetalTemplate.entitlements */,
			);
			path = MetalTemplate;
			sourceTree = "<group>";
		};
/* End PBXGroup section */

/* Begin PBXNativeTarget section */
		3DC222B221AF31D600A50060 /* MetalTemplate */ = {
			isa = PBXNativeTarget;
			buildConfigurationList = 3DC222C321AF31D700A50060 /* Build configuration list for PBXNativeTarget "MetalTemplate" */;
			buildPhases = (
				3DC222AF21AF31D600A50060 /* Sources */,
				3DC222B021AF31D600A50060 /* Frameworks */,
				3DC222B121AF31D600A50060 /* Resources */,
			);
			buildRules = (
			);
			dependencies = (
			);
			name = MetalTemplate;
			productName = MetalTemplate;
			productReference = 3DC222B321AF31D600A50060 /* MetalTemplate.app */;
			productType = "com.apple.product-type.application";
		};
/* End PBXNativeTarget section */

/* Begin PBXProject section */
		3DC222AB21AF31D600A50060 /* Project object */ = {
			isa = PBXProject;
			attributes = {
				LastSwiftUpdateCheck = 1000;
				LastUpgradeCheck = 1000;
				ORGANIZATIONNAME = "Joss Manger";
				TargetAttributes = {
					3DC222B221AF31D600A50060 = {
						CreatedOnToolsVersion = 10.0;
					};
				};
			};
			buildConfigurationList = 3DC222AE21AF31D600A50060 /* Build configuration list for PBXProject "MetalTemplate" */;
			compatibilityVersion = "Xcode 9.3";
			developmentRegion = en;
			hasScannedForEncodings = 0;
			knownRegions = (
				en,
				Base,
			);
			mainGroup = 3DC222AA21AF31D600A50060;
			productRefGroup = 3DC222B421AF31D600A50060 /* Products */;
			projectDirPath = "";
			projectRoot = "";
			targets = (
				3DC222B221AF31D600A50060 /* MetalTemplate */,
			);
		};
/* End PBXProject section */

/* Begin PBXResourcesBuildPhase section */
		3DC222B121AF31D600A50060 /* Resources */ = {
			isa = PBXResourcesBuildPhase;
			buildActionMask = 2147483647;
			files = (
				57DA0F8B21AF64D300A74ACD /* choo-choo.obj in Resources */,
				3DC222BB21AF31D600A50060 /* Assets.xcassets in Resources */,
				3DC222BE21AF31D700A50060 /* Main.storyboard in Resources */,
			);
			runOnlyForDeploymentPostprocessing = 0;
		};
/* End PBXResourcesBuildPhase section */

/* Begin PBXSourcesBuildPhase section */
		3DC222AF21AF31D600A50060 /* Sources */ = {
			isa = PBXSourcesBuildPhase;
			buildActionMask = 2147483647;
			files = (
				3DC222B921AF31D600A50060 /* ViewController.swift in Sources */,
				3DC222C721AF324200A50060 /* Renderer.swift in Sources */,
				3DC222B721AF31D600A50060 /* AppDelegate.swift in Sources */,
				3DC222C921AF349A00A50060 /* Primitive.swift in Sources */,
				3DC222CB21AF388700A50060 /* Shaders.metal in Sources */,
				57DA0F8F21B00BB300A74ACD /* Constants.swift in Sources */,
			);
			runOnlyForDeploymentPostprocessing = 0;
		};
/* End PBXSourcesBuildPhase section */

/* Begin PBXVariantGroup section */
		3DC222BC21AF31D700A50060 /* Main.storyboard */ = {
			isa = PBXVariantGroup;
			children = (
				3DC222BD21AF31D700A50060 /* Base */,
			);
			name = Main.storyboard;
			sourceTree = "<group>";
		};
/* End PBXVariantGroup section */

/* Begin XCBuildConfiguration section */
		3DC222C121AF31D700A50060 /* Debug */ = {
			isa = XCBuildConfiguration;
			buildSettings = {
				ALWAYS_SEARCH_USER_PATHS = NO;
				CLANG_ANALYZER_NONNULL = YES;
				CLANG_ANALYZER_NUMBER_OBJECT_CONVERSION = YES_AGGRESSIVE;
				CLANG_CXX_LANGUAGE_STANDARD = "gnu++14";
				CLANG_CXX_LIBRARY = "libc++";
				CLANG_ENABLE_MODULES = YES;
				CLANG_ENABLE_OBJC_ARC = YES;
				CLANG_ENABLE_OBJC_WEAK = YES;
				CLANG_WARN_BLOCK_CAPTURE_AUTORELEASING = YES;
				CLANG_WARN_BOOL_CONVERSION = YES;
				CLANG_WARN_COMMA = YES;
				CLANG_WARN_CONSTANT_CONVERSION = YES;
				CLANG_WARN_DEPRECATED_OBJC_IMPLEMENTATIONS = YES;
				CLANG_WARN_DIRECT_OBJC_ISA_USAGE = YES_ERROR;
				CLANG_WARN_DOCUMENTATION_COMMENTS = YES;
				CLANG_WARN_EMPTY_BODY = YES;
				CLANG_WARN_ENUM_CONVERSION = YES;
				CLANG_WARN_INFINITE_RECURSION = YES;
				CLANG_WARN_INT_CONVERSION = YES;
				CLANG_WARN_NON_LITERAL_NULL_CONVERSION = YES;
				CLANG_WARN_OBJC_IMPLICIT_RETAIN_SELF = YES;
				CLANG_WARN_OBJC_LITERAL_CONVERSION = YES;
				CLANG_WARN_OBJC_ROOT_CLASS = YES_ERROR;
				CLANG_WARN_RANGE_LOOP_ANALYSIS = YES;
				CLANG_WARN_STRICT_PROTOTYPES = YES;
				CLANG_WARN_SUSPICIOUS_MOVE = YES;
				CLANG_WARN_UNGUARDED_AVAILABILITY = YES_AGGRESSIVE;
				CLANG_WARN_UNREACHABLE_CODE = YES;
				CLANG_WARN__DUPLICATE_METHOD_MATCH = YES;
				CODE_SIGN_IDENTITY = "Mac Developer";
				COPY_PHASE_STRIP = NO;
				DEBUG_INFORMATION_FORMAT = dwarf;
				ENABLE_STRICT_OBJC_MSGSEND = YES;
				ENABLE_TESTABILITY = YES;
				GCC_C_LANGUAGE_STANDARD = gnu11;
				GCC_DYNAMIC_NO_PIC = NO;
				GCC_NO_COMMON_BLOCKS = YES;
				GCC_OPTIMIZATION_LEVEL = 0;
				GCC_PREPROCESSOR_DEFINITIONS = (
					"DEBUG=1",
					"$(inherited)",
				);
				GCC_WARN_64_TO_32_BIT_CONVERSION = YES;
				GCC_WARN_ABOUT_RETURN_TYPE = YES_ERROR;
				GCC_WARN_UNDECLARED_SELECTOR = YES;
				GCC_WARN_UNINITIALIZED_AUTOS = YES_AGGRESSIVE;
				GCC_WARN_UNUSED_FUNCTION = YES;
				GCC_WARN_UNUSED_VARIABLE = YES;
				MACOSX_DEPLOYMENT_TARGET = 10.13;
				MTL_ENABLE_DEBUG_INFO = INCLUDE_SOURCE;
				MTL_FAST_MATH = YES;
				ONLY_ACTIVE_ARCH = YES;
				SDKROOT = macosx;
				SWIFT_ACTIVE_COMPILATION_CONDITIONS = DEBUG;
				SWIFT_OPTIMIZATION_LEVEL = "-Onone";
			};
			name = Debug;
		};
		3DC222C221AF31D700A50060 /* Release */ = {
			isa = XCBuildConfiguration;
			buildSettings = {
				ALWAYS_SEARCH_USER_PATHS = NO;
				CLANG_ANALYZER_NONNULL = YES;
				CLANG_ANALYZER_NUMBER_OBJECT_CONVERSION = YES_AGGRESSIVE;
				CLANG_CXX_LANGUAGE_STANDARD = "gnu++14";
				CLANG_CXX_LIBRARY = "libc++";
				CLANG_ENABLE_MODULES = YES;
				CLANG_ENABLE_OBJC_ARC = YES;
				CLANG_ENABLE_OBJC_WEAK = YES;
				CLANG_WARN_BLOCK_CAPTURE_AUTORELEASING = YES;
				CLANG_WARN_BOOL_CONVERSION = YES;
				CLANG_WARN_COMMA = YES;
				CLANG_WARN_CONSTANT_CONVERSION = YES;
				CLANG_WARN_DEPRECATED_OBJC_IMPLEMENTATIONS = YES;
				CLANG_WARN_DIRECT_OBJC_ISA_USAGE = YES_ERROR;
				CLANG_WARN_DOCUMENTATION_COMMENTS = YES;
				CLANG_WARN_EMPTY_BODY = YES;
				CLANG_WARN_ENUM_CONVERSION = YES;
				CLANG_WARN_INFINITE_RECURSION = YES;
				CLANG_WARN_INT_CONVERSION = YES;
				CLANG_WARN_NON_LITERAL_NULL_CONVERSION = YES;
				CLANG_WARN_OBJC_IMPLICIT_RETAIN_SELF = YES;
				CLANG_WARN_OBJC_LITERAL_CONVERSION = YES;
				CLANG_WARN_OBJC_ROOT_CLASS = YES_ERROR;
				CLANG_WARN_RANGE_LOOP_ANALYSIS = YES;
				CLANG_WARN_STRICT_PROTOTYPES = YES;
				CLANG_WARN_SUSPICIOUS_MOVE = YES;
				CLANG_WARN_UNGUARDED_AVAILABILITY = YES_AGGRESSIVE;
				CLANG_WARN_UNREACHABLE_CODE = YES;
				CLANG_WARN__DUPLICATE_METHOD_MATCH = YES;
				CODE_SIGN_IDENTITY = "Mac Developer";
				COPY_PHASE_STRIP = NO;
				DEBUG_INFORMATION_FORMAT = "dwarf-with-dsym";
				ENABLE_NS_ASSERTIONS = NO;
				ENABLE_STRICT_OBJC_MSGSEND = YES;
				GCC_C_LANGUAGE_STANDARD = gnu11;
				GCC_NO_COMMON_BLOCKS = YES;
				GCC_WARN_64_TO_32_BIT_CONVERSION = YES;
				GCC_WARN_ABOUT_RETURN_TYPE = YES_ERROR;
				GCC_WARN_UNDECLARED_SELECTOR = YES;
				GCC_WARN_UNINITIALIZED_AUTOS = YES_AGGRESSIVE;
				GCC_WARN_UNUSED_FUNCTION = YES;
				GCC_WARN_UNUSED_VARIABLE = YES;
				MACOSX_DEPLOYMENT_TARGET = 10.13;
				MTL_ENABLE_DEBUG_INFO = NO;
				MTL_FAST_MATH = YES;
				SDKROOT = macosx;
				SWIFT_COMPILATION_MODE = wholemodule;
				SWIFT_OPTIMIZATION_LEVEL = "-O";
			};
			name = Release;
		};
		3DC222C421AF31D700A50060 /* Debug */ = {
			isa = XCBuildConfiguration;
			buildSettings = {
				ASSETCATALOG_COMPILER_APPICON_NAME = AppIcon;
				CODE_SIGN_ENTITLEMENTS = MetalTemplate/MetalTemplate.entitlements;
				CODE_SIGN_STYLE = Automatic;
				COMBINE_HIDPI_IMAGES = YES;
				DEVELOPMENT_TEAM = 3C42F7N9CQ;
				INFOPLIST_FILE = MetalTemplate/Info.plist;
				LD_RUNPATH_SEARCH_PATHS = (
					"$(inherited)",
					"@executable_path/../Frameworks",
				);
				PRODUCT_BUNDLE_IDENTIFIER = com.jossy.MetalTemplate;
				PRODUCT_NAME = "$(TARGET_NAME)";
				SWIFT_VERSION = 4.2;
			};
			name = Debug;
		};
		3DC222C521AF31D700A50060 /* Release */ = {
			isa = XCBuildConfiguration;
			buildSettings = {
				ASSETCATALOG_COMPILER_APPICON_NAME = AppIcon;
				CODE_SIGN_ENTITLEMENTS = MetalTemplate/MetalTemplate.entitlements;
				CODE_SIGN_STYLE = Automatic;
				COMBINE_HIDPI_IMAGES = YES;
				DEVELOPMENT_TEAM = 3C42F7N9CQ;
				INFOPLIST_FILE = MetalTemplate/Info.plist;
				LD_RUNPATH_SEARCH_PATHS = (
					"$(inherited)",
					"@executable_path/../Frameworks",
				);
				PRODUCT_BUNDLE_IDENTIFIER = com.jossy.MetalTemplate;
				PRODUCT_NAME = "$(TARGET_NAME)";
				SWIFT_VERSION = 4.2;
			};
			name = Release;
		};
/* End XCBuildConfiguration section */

/* Begin XCConfigurationList section */
		3DC222AE21AF31D600A50060 /* Build configuration list for PBXProject "MetalTemplate" */ = {
			isa = XCConfigurationList;
			buildConfigurations = (
				3DC222C121AF31D700A50060 /* Debug */,
				3DC222C221AF31D700A50060 /* Release */,
			);
			defaultConfigurationIsVisible = 0;
			defaultConfigurationName = Release;
		};
		3DC222C321AF31D700A50060 /* Build configuration list for PBXNativeTarget "MetalTemplate" */ = {
			isa = XCConfigurationList;
			buildConfigurations = (
				3DC222C421AF31D700A50060 /* Debug */,
				3DC222C521AF31D700A50060 /* Release */,
			);
			defaultConfigurationIsVisible = 0;
			defaultConfigurationName = Release;
		};
/* End XCConfigurationList section */
	};
	rootObject = 3DC222AB21AF31D600A50060 /* Project object */;
}
