// !$*UTF8*$!
{
	archiveVersion = 1;
	classes = {
	};
	objectVersion = 50;
	objects = {

/* Begin PBXBuildFile section */
		3D6A247521B03F3100F054E5 /* AppDelegate.swift in Sources */ = {isa = PBXBuildFile; fileRef = 3DC222B621AF31D600A50060 /* AppDelegate.swift */; };
		3D6A247721B03F3700F054E5 /* Primitive.swift in Sources */ = {isa = PBXBuildFile; fileRef = 3DC222C821AF349A00A50060 /* Primitive.swift */; };
		3D6A247921B03F4500F054E5 /* Main.storyboard in Resources */ = {isa = PBXBuildFile; fileRef = 3DC222BC21AF31D700A50060 /* Main.storyboard */; };
		3D6A247B21B03F6600F054E5 /* RendererVertex.swift in Sources */ = {isa = PBXBuildFile; fileRef = 3D6A247A21B03F6600F054E5 /* RendererVertex.swift */; };
		3D6A247C21B03F7900F054E5 /* choo-choo.obj in Resources */ = {isa = PBXBuildFile; fileRef = 57DA0F8A21AF641A00A74ACD /* choo-choo.obj */; };
		3D6A247E21B040EC00F054E5 /* TransformShaders.metal in Sources */ = {isa = PBXBuildFile; fileRef = 3D6A247D21B040EC00F054E5 /* TransformShaders.metal */; };
		3D6A248421B043B300F054E5 /* Main2.storyboard in Resources */ = {isa = PBXBuildFile; fileRef = 3D6A248221B043B300F054E5 /* Main2.storyboard */; };
		3D6A248621B0649000F054E5 /* ViewController.swift in Sources */ = {isa = PBXBuildFile; fileRef = 3D6A248521B0649000F054E5 /* ViewController.swift */; };
		3D6A249921B06FE500F054E5 /* AppDelegate.swift in Sources */ = {isa = PBXBuildFile; fileRef = 3DC222B621AF31D600A50060 /* AppDelegate.swift */; };
		3D6A249A21B06FE800F054E5 /* ViewController.swift in Sources */ = {isa = PBXBuildFile; fileRef = 3D6A248521B0649000F054E5 /* ViewController.swift */; };
		3D6A249E21B0714E00F054E5 /* Main2.storyboard in Resources */ = {isa = PBXBuildFile; fileRef = 3D6A248221B043B300F054E5 /* Main2.storyboard */; };
		3D6A24A021B0722B00F054E5 /* RendererRotateScale.swift in Sources */ = {isa = PBXBuildFile; fileRef = 3D6A249F21B0722B00F054E5 /* RendererRotateScale.swift */; };
		3D6A24A221B08B9E00F054E5 /* RotateShaders.metal in Sources */ = {isa = PBXBuildFile; fileRef = 3D6A24A121B08B9E00F054E5 /* RotateShaders.metal */; };
		3D78010A21C03B560024E261 /* AppDelegate.swift in Sources */ = {isa = PBXBuildFile; fileRef = 3DC222B621AF31D600A50060 /* AppDelegate.swift */; };
		3D78010C21C03B690024E261 /* LightingRenderer.swift in Sources */ = {isa = PBXBuildFile; fileRef = 3D78010B21C03B690024E261 /* LightingRenderer.swift */; };
		3D78010E21C03B750024E261 /* Model.swift in Sources */ = {isa = PBXBuildFile; fileRef = 3D78010D21C03B750024E261 /* Model.swift */; };
		3D78011021C03B830024E261 /* LightingShader.metal in Sources */ = {isa = PBXBuildFile; fileRef = 3D78010F21C03B830024E261 /* LightingShader.metal */; };
		3D78011121C03B910024E261 /* MathLibrary.swift in Sources */ = {isa = PBXBuildFile; fileRef = 3DA6DCE921B1872400E1131B /* MathLibrary.swift */; };
		3D78011421C03BDE0024E261 /* ViewController.swift in Sources */ = {isa = PBXBuildFile; fileRef = 3D78011321C03BDE0024E261 /* ViewController.swift */; };
		3D78011521C03BED0024E261 /* choo-choo.obj in Resources */ = {isa = PBXBuildFile; fileRef = 57DA0F8A21AF641A00A74ACD /* choo-choo.obj */; };
		3D8FFE3221B70E2E003A081B /* LightingShader.metal in Sources */ = {isa = PBXBuildFile; fileRef = 3D8FFE3121B70E2E003A081B /* LightingShader.metal */; };
		3D8FFE3421B70E3B003A081B /* LightingRenderer.swift in Sources */ = {isa = PBXBuildFile; fileRef = 3D8FFE3321B70E3B003A081B /* LightingRenderer.swift */; };
		3D8FFE3521B70F0A003A081B /* MathLibrary.swift in Sources */ = {isa = PBXBuildFile; fileRef = 3DA6DCE921B1872400E1131B /* MathLibrary.swift */; };
		3D8FFE3621B70F5E003A081B /* ViewController.swift in Sources */ = {isa = PBXBuildFile; fileRef = 57DD876F21B61A2400D47148 /* ViewController.swift */; };
		3D9DE59221B70FC7007BC069 /* Main.storyboard in Resources */ = {isa = PBXBuildFile; fileRef = 3DC222BC21AF31D700A50060 /* Main.storyboard */; };
		3D9DE59421B7118B007BC069 /* Primitive.swift in Sources */ = {isa = PBXBuildFile; fileRef = 3DC222C821AF349A00A50060 /* Primitive.swift */; };
		3D9DE59521B7119D007BC069 /* AppDelegate.swift in Sources */ = {isa = PBXBuildFile; fileRef = 3DC222B621AF31D600A50060 /* AppDelegate.swift */; };
		3D9DE59621B711AA007BC069 /* choo-choo.obj in Resources */ = {isa = PBXBuildFile; fileRef = 57DA0F8A21AF641A00A74ACD /* choo-choo.obj */; };
		3D9DE59B21B72341007BC069 /* Model.swift in Sources */ = {isa = PBXBuildFile; fileRef = 3D9DE59A21B72341007BC069 /* Model.swift */; };
		3DA6DCDE21B185C100E1131B /* AppDelegate.swift in Sources */ = {isa = PBXBuildFile; fileRef = 3DC222B621AF31D600A50060 /* AppDelegate.swift */; };
		3DA6DCE021B185CE00E1131B /* Primitive.swift in Sources */ = {isa = PBXBuildFile; fileRef = 3DC222C821AF349A00A50060 /* Primitive.swift */; };
		3DA6DCE121B185CF00E1131B /* Primitive.swift in Sources */ = {isa = PBXBuildFile; fileRef = 3DC222C821AF349A00A50060 /* Primitive.swift */; };
		3DA6DCE321B185E900E1131B /* ProjectionRenderer.swift in Sources */ = {isa = PBXBuildFile; fileRef = 3DA6DCE221B185E900E1131B /* ProjectionRenderer.swift */; };
		3DA6DCE421B185F000E1131B /* choo-choo.obj in Resources */ = {isa = PBXBuildFile; fileRef = 57DA0F8A21AF641A00A74ACD /* choo-choo.obj */; };
		3DA6DCE621B1864700E1131B /* Main.storyboard in Resources */ = {isa = PBXBuildFile; fileRef = 3DC222BC21AF31D700A50060 /* Main.storyboard */; };
		3DA6DCE821B1866C00E1131B /* ProjectionShader.metal in Sources */ = {isa = PBXBuildFile; fileRef = 3DA6DCE721B1866C00E1131B /* ProjectionShader.metal */; };
		3DA6DCEA21B1872400E1131B /* MathLibrary.swift in Sources */ = {isa = PBXBuildFile; fileRef = 3DA6DCE921B1872400E1131B /* MathLibrary.swift */; };
		3DA6DCEB21B1872400E1131B /* MathLibrary.swift in Sources */ = {isa = PBXBuildFile; fileRef = 3DA6DCE921B1872400E1131B /* MathLibrary.swift */; };
		3DA6DCEC21B1872400E1131B /* MathLibrary.swift in Sources */ = {isa = PBXBuildFile; fileRef = 3DA6DCE921B1872400E1131B /* MathLibrary.swift */; };
		3DA6DCED21B1872400E1131B /* MathLibrary.swift in Sources */ = {isa = PBXBuildFile; fileRef = 3DA6DCE921B1872400E1131B /* MathLibrary.swift */; };
		3DA6DCF521B193E600E1131B /* AppDelegate.swift in Sources */ = {isa = PBXBuildFile; fileRef = 3DA6DCF421B193E600E1131B /* AppDelegate.swift */; };
		3DA6DCF721B193E600E1131B /* ViewController.swift in Sources */ = {isa = PBXBuildFile; fileRef = 3DA6DCF621B193E600E1131B /* ViewController.swift */; };
		3DA6DCFA21B193E600E1131B /* Main.storyboard in Resources */ = {isa = PBXBuildFile; fileRef = 3DA6DCF821B193E600E1131B /* Main.storyboard */; };
		3DA6DCFF21B193E700E1131B /* LaunchScreen.storyboard in Resources */ = {isa = PBXBuildFile; fileRef = 3DA6DCFD21B193E700E1131B /* LaunchScreen.storyboard */; };
		3DA6DD0421B1941D00E1131B /* ProjectionShader.metal in Sources */ = {isa = PBXBuildFile; fileRef = 3DA6DCE721B1866C00E1131B /* ProjectionShader.metal */; };
		3DA6DD0521B1942000E1131B /* ProjectionRenderer.swift in Sources */ = {isa = PBXBuildFile; fileRef = 3DA6DCE221B185E900E1131B /* ProjectionRenderer.swift */; };
		3DA6DD0621B1946D00E1131B /* MathLibrary.swift in Sources */ = {isa = PBXBuildFile; fileRef = 3DA6DCE921B1872400E1131B /* MathLibrary.swift */; };
		3DC222B721AF31D600A50060 /* AppDelegate.swift in Sources */ = {isa = PBXBuildFile; fileRef = 3DC222B621AF31D600A50060 /* AppDelegate.swift */; };
		3DC222BB21AF31D600A50060 /* Assets.xcassets in Resources */ = {isa = PBXBuildFile; fileRef = 3DC222BA21AF31D600A50060 /* Assets.xcassets */; };
		3DC222BE21AF31D700A50060 /* Main.storyboard in Resources */ = {isa = PBXBuildFile; fileRef = 3DC222BC21AF31D700A50060 /* Main.storyboard */; };
		3DC222C721AF324200A50060 /* Renderer.swift in Sources */ = {isa = PBXBuildFile; fileRef = 3DC222C621AF324200A50060 /* Renderer.swift */; };
		3DC222C921AF349A00A50060 /* Primitive.swift in Sources */ = {isa = PBXBuildFile; fileRef = 3DC222C821AF349A00A50060 /* Primitive.swift */; };
		3DC222CB21AF388700A50060 /* Shaders.metal in Sources */ = {isa = PBXBuildFile; fileRef = 3DC222CA21AF388700A50060 /* Shaders.metal */; };
		3DECAC5A21B19E9A007D429C /* choo-choo.obj in Resources */ = {isa = PBXBuildFile; fileRef = 57DA0F8A21AF641A00A74ACD /* choo-choo.obj */; };
		3DECAC5C21B19FE4007D429C /* Assets.xcassets in Resources */ = {isa = PBXBuildFile; fileRef = 3DECAC5B21B19FE4007D429C /* Assets.xcassets */; };
		3DECAC6521B1B830007D429C /* main.swift in Sources */ = {isa = PBXBuildFile; fileRef = 3DECAC6421B1B830007D429C /* main.swift */; };
		3DECAC7021B1E125007D429C /* main.swift in Sources */ = {isa = PBXBuildFile; fileRef = 3DECAC6F21B1E125007D429C /* main.swift */; };
		570E072623DC935700DA5FAF /* AppDelegate.m in Sources */ = {isa = PBXBuildFile; fileRef = 570E072523DC935700DA5FAF /* AppDelegate.m */; };
		570E072823DC935700DA5FAF /* Assets.xcassets in Resources */ = {isa = PBXBuildFile; fileRef = 570E072723DC935700DA5FAF /* Assets.xcassets */; };
		570E072B23DC935700DA5FAF /* MainMenu.xib in Resources */ = {isa = PBXBuildFile; fileRef = 570E072923DC935700DA5FAF /* MainMenu.xib */; };
		570E072E23DC935700DA5FAF /* main.m in Sources */ = {isa = PBXBuildFile; fileRef = 570E072D23DC935700DA5FAF /* main.m */; };
		570E073623DC989500DA5FAF /* Renderer.m in Sources */ = {isa = PBXBuildFile; fileRef = 570E073423DC938E00DA5FAF /* Renderer.m */; };
		570E073923DCA3CF00DA5FAF /* Simple.metal in Sources */ = {isa = PBXBuildFile; fileRef = 570E073823DCA3CF00DA5FAF /* Simple.metal */; };
		574B19E921B2190800C0C54F /* AppDelegate.swift in Sources */ = {isa = PBXBuildFile; fileRef = 574B19E821B2190800C0C54F /* AppDelegate.swift */; };
		574B19EB21B2190800C0C54F /* ViewControllerSCN.swift in Sources */ = {isa = PBXBuildFile; fileRef = 574B19EA21B2190800C0C54F /* ViewControllerSCN.swift */; };
		574B19ED21B2190A00C0C54F /* Assets.xcassets in Resources */ = {isa = PBXBuildFile; fileRef = 574B19EC21B2190A00C0C54F /* Assets.xcassets */; };
		574B19F021B2190A00C0C54F /* Main.storyboard in Resources */ = {isa = PBXBuildFile; fileRef = 574B19EE21B2190A00C0C54F /* Main.storyboard */; };
		574B19F721B2196E00C0C54F /* SceneView.swift in Sources */ = {isa = PBXBuildFile; fileRef = 574B19F621B2196E00C0C54F /* SceneView.swift */; };
		577E617E23D5191C00A5FB49 /* AppDelegate.swift in Sources */ = {isa = PBXBuildFile; fileRef = 577E617D23D5191C00A5FB49 /* AppDelegate.swift */; };
		577E618023D5191E00A5FB49 /* Assets.xcassets in Resources */ = {isa = PBXBuildFile; fileRef = 577E617F23D5191E00A5FB49 /* Assets.xcassets */; };
		577E618323D5191E00A5FB49 /* MainMenu.xib in Resources */ = {isa = PBXBuildFile; fileRef = 577E618123D5191E00A5FB49 /* MainMenu.xib */; };
		577E618A23D51EEA00A5FB49 /* BaseShader.metal in Sources */ = {isa = PBXBuildFile; fileRef = 577E618923D51EEA00A5FB49 /* BaseShader.metal */; };
		577E618B23D5286600A5FB49 /* choo-choo.obj in Resources */ = {isa = PBXBuildFile; fileRef = 57DA0F8A21AF641A00A74ACD /* choo-choo.obj */; };
		577E619323D5EE7C00A5FB49 /* AppDelegate.swift in Sources */ = {isa = PBXBuildFile; fileRef = 577E619223D5EE7C00A5FB49 /* AppDelegate.swift */; };
		577E619523D5EE7E00A5FB49 /* Assets.xcassets in Resources */ = {isa = PBXBuildFile; fileRef = 577E619423D5EE7E00A5FB49 /* Assets.xcassets */; };
		577E619823D5EE7E00A5FB49 /* MainMenu.xib in Resources */ = {isa = PBXBuildFile; fileRef = 577E619623D5EE7E00A5FB49 /* MainMenu.xib */; };
		577E619F23D5EF6000A5FB49 /* Arith.metal in Sources */ = {isa = PBXBuildFile; fileRef = 577E619E23D5EF6000A5FB49 /* Arith.metal */; };
		578667C621C097EE006CB17D /* Scene.swift in Sources */ = {isa = PBXBuildFile; fileRef = 578667C521C097EE006CB17D /* Scene.swift */; };
		578667C821C09EFA006CB17D /* primative.usd in Resources */ = {isa = PBXBuildFile; fileRef = 578667C721C09EFA006CB17D /* primative.usd */; };
		578667CB21C0A60B006CB17D /* Main-no-control.storyboard in Resources */ = {isa = PBXBuildFile; fileRef = 578667C921C0A60B006CB17D /* Main-no-control.storyboard */; };
		57DA0F8B21AF64D300A74ACD /* choo-choo.obj in Resources */ = {isa = PBXBuildFile; fileRef = 57DA0F8A21AF641A00A74ACD /* choo-choo.obj */; };
		57DD877021B61A2400D47148 /* ViewController.swift in Sources */ = {isa = PBXBuildFile; fileRef = 57DD876F21B61A2400D47148 /* ViewController.swift */; };
		57F1E8BD21B41B4800BF9272 /* ViewController.swift in Sources */ = {isa = PBXBuildFile; fileRef = 3DC222B821AF31D600A50060 /* ViewController.swift */; };
/* End PBXBuildFile section */

/* Begin PBXCopyFilesBuildPhase section */
		3DECAC6021B1B830007D429C /* CopyFiles */ = {
			isa = PBXCopyFilesBuildPhase;
			buildActionMask = 2147483647;
			dstPath = /usr/share/man/man1/;
			dstSubfolderSpec = 0;
			files = (
			);
			runOnlyForDeploymentPostprocessing = 1;
		};
		3DECAC6B21B1E125007D429C /* CopyFiles */ = {
			isa = PBXCopyFilesBuildPhase;
			buildActionMask = 2147483647;
			dstPath = /usr/share/man/man1/;
			dstSubfolderSpec = 0;
			files = (
			);
			runOnlyForDeploymentPostprocessing = 1;
		};
/* End PBXCopyFilesBuildPhase section */

/* Begin PBXFileReference section */
		3D6A246421B03F0100F054E5 /* TranslateMatrix.app */ = {isa = PBXFileReference; explicitFileType = wrapper.application; includeInIndex = 0; path = TranslateMatrix.app; sourceTree = BUILT_PRODUCTS_DIR; };
		3D6A246F21B03F0300F054E5 /* Info.plist */ = {isa = PBXFileReference; lastKnownFileType = text.plist.xml; path = Info.plist; sourceTree = "<group>"; };
		3D6A247021B03F0300F054E5 /* Matrices.entitlements */ = {isa = PBXFileReference; lastKnownFileType = text.plist.entitlements; path = Matrices.entitlements; sourceTree = "<group>"; };
		3D6A247A21B03F6600F054E5 /* RendererVertex.swift */ = {isa = PBXFileReference; fileEncoding = 4; lastKnownFileType = sourcecode.swift; path = RendererVertex.swift; sourceTree = "<group>"; };
		3D6A247D21B040EC00F054E5 /* TransformShaders.metal */ = {isa = PBXFileReference; lastKnownFileType = sourcecode.metal; path = TransformShaders.metal; sourceTree = "<group>"; };
		3D6A248321B043B300F054E5 /* Base */ = {isa = PBXFileReference; lastKnownFileType = file.storyboard; name = Base; path = Base.lproj/Main2.storyboard; sourceTree = "<group>"; };
		3D6A248521B0649000F054E5 /* ViewController.swift */ = {isa = PBXFileReference; fileEncoding = 4; lastKnownFileType = sourcecode.swift; path = ViewController.swift; sourceTree = "<group>"; };
		3D6A248B21B06FB100F054E5 /* ScaleRotateMatrix.app */ = {isa = PBXFileReference; explicitFileType = wrapper.application; includeInIndex = 0; path = ScaleRotateMatrix.app; sourceTree = BUILT_PRODUCTS_DIR; };
		3D6A249421B06FB200F054E5 /* Info.plist */ = {isa = PBXFileReference; lastKnownFileType = text.plist.xml; path = Info.plist; sourceTree = "<group>"; };
		3D6A249521B06FB200F054E5 /* ScaleRotate.entitlements */ = {isa = PBXFileReference; lastKnownFileType = text.plist.entitlements; path = ScaleRotate.entitlements; sourceTree = "<group>"; };
		3D6A249F21B0722B00F054E5 /* RendererRotateScale.swift */ = {isa = PBXFileReference; fileEncoding = 4; lastKnownFileType = sourcecode.swift; path = RendererRotateScale.swift; sourceTree = "<group>"; };
		3D6A24A121B08B9E00F054E5 /* RotateShaders.metal */ = {isa = PBXFileReference; fileEncoding = 4; lastKnownFileType = sourcecode.metal; path = RotateShaders.metal; sourceTree = "<group>"; };
		3D6A24A321B0977100F054E5 /* Common.h */ = {isa = PBXFileReference; lastKnownFileType = sourcecode.c.h; path = Common.h; sourceTree = "<group>"; };
		3D7800FC21C03B3A0024E261 /* Lighting2SceneGraph.app */ = {isa = PBXFileReference; explicitFileType = wrapper.application; includeInIndex = 0; path = Lighting2SceneGraph.app; sourceTree = BUILT_PRODUCTS_DIR; };
		3D78010521C03B3C0024E261 /* Info.plist */ = {isa = PBXFileReference; lastKnownFileType = text.plist.xml; path = Info.plist; sourceTree = "<group>"; };
		3D78010621C03B3C0024E261 /* Lighting2SceneGraph.entitlements */ = {isa = PBXFileReference; lastKnownFileType = text.plist.entitlements; path = Lighting2SceneGraph.entitlements; sourceTree = "<group>"; };
		3D78010B21C03B690024E261 /* LightingRenderer.swift */ = {isa = PBXFileReference; fileEncoding = 4; lastKnownFileType = sourcecode.swift; path = LightingRenderer.swift; sourceTree = "<group>"; };
		3D78010D21C03B750024E261 /* Model.swift */ = {isa = PBXFileReference; fileEncoding = 4; lastKnownFileType = sourcecode.swift; path = Model.swift; sourceTree = "<group>"; };
		3D78010F21C03B830024E261 /* LightingShader.metal */ = {isa = PBXFileReference; fileEncoding = 4; lastKnownFileType = sourcecode.metal; path = LightingShader.metal; sourceTree = "<group>"; };
		3D78011321C03BDE0024E261 /* ViewController.swift */ = {isa = PBXFileReference; fileEncoding = 4; lastKnownFileType = sourcecode.swift; path = ViewController.swift; sourceTree = "<group>"; };
		3D8FFE2221B70DF7003A081B /* Lighting.app */ = {isa = PBXFileReference; explicitFileType = wrapper.application; includeInIndex = 0; path = Lighting.app; sourceTree = BUILT_PRODUCTS_DIR; };
		3D8FFE2B21B70DF8003A081B /* Info.plist */ = {isa = PBXFileReference; lastKnownFileType = text.plist.xml; path = Info.plist; sourceTree = "<group>"; };
		3D8FFE2C21B70DF8003A081B /* Lighting.entitlements */ = {isa = PBXFileReference; lastKnownFileType = text.plist.entitlements; path = Lighting.entitlements; sourceTree = "<group>"; };
		3D8FFE3121B70E2E003A081B /* LightingShader.metal */ = {isa = PBXFileReference; fileEncoding = 4; lastKnownFileType = sourcecode.metal; path = LightingShader.metal; sourceTree = "<group>"; };
		3D8FFE3321B70E3B003A081B /* LightingRenderer.swift */ = {isa = PBXFileReference; fileEncoding = 4; lastKnownFileType = sourcecode.swift; path = LightingRenderer.swift; sourceTree = "<group>"; };
		3D9BB9F621C857BA00E63FA0 /* LightingRenderer-tweaked.swift */ = {isa = PBXFileReference; lastKnownFileType = sourcecode.swift; path = "LightingRenderer-tweaked.swift"; sourceTree = "<group>"; };
		3D9DE59A21B72341007BC069 /* Model.swift */ = {isa = PBXFileReference; lastKnownFileType = sourcecode.swift; path = Model.swift; sourceTree = "<group>"; };
		3DA6DCD021B1859800E1131B /* Projection.app */ = {isa = PBXFileReference; explicitFileType = wrapper.application; includeInIndex = 0; path = Projection.app; sourceTree = BUILT_PRODUCTS_DIR; };
		3DA6DCD921B1859900E1131B /* Info.plist */ = {isa = PBXFileReference; lastKnownFileType = text.plist.xml; path = Info.plist; sourceTree = "<group>"; };
		3DA6DCDA21B1859900E1131B /* Projection.entitlements */ = {isa = PBXFileReference; lastKnownFileType = text.plist.entitlements; path = Projection.entitlements; sourceTree = "<group>"; };
		3DA6DCE221B185E900E1131B /* ProjectionRenderer.swift */ = {isa = PBXFileReference; fileEncoding = 4; lastKnownFileType = sourcecode.swift; path = ProjectionRenderer.swift; sourceTree = "<group>"; };
		3DA6DCE721B1866C00E1131B /* ProjectionShader.metal */ = {isa = PBXFileReference; fileEncoding = 4; lastKnownFileType = sourcecode.metal; path = ProjectionShader.metal; sourceTree = "<group>"; };
		3DA6DCE921B1872400E1131B /* MathLibrary.swift */ = {isa = PBXFileReference; fileEncoding = 4; lastKnownFileType = sourcecode.swift; path = MathLibrary.swift; sourceTree = "<group>"; };
		3DA6DCF221B193E600E1131B /* HypeTrain.app */ = {isa = PBXFileReference; explicitFileType = wrapper.application; includeInIndex = 0; path = HypeTrain.app; sourceTree = BUILT_PRODUCTS_DIR; };
		3DA6DCF421B193E600E1131B /* AppDelegate.swift */ = {isa = PBXFileReference; lastKnownFileType = sourcecode.swift; path = AppDelegate.swift; sourceTree = "<group>"; };
		3DA6DCF621B193E600E1131B /* ViewController.swift */ = {isa = PBXFileReference; lastKnownFileType = sourcecode.swift; path = ViewController.swift; sourceTree = "<group>"; };
		3DA6DCF921B193E600E1131B /* Base */ = {isa = PBXFileReference; lastKnownFileType = file.storyboard; name = Base; path = Base.lproj/Main.storyboard; sourceTree = "<group>"; };
		3DA6DCFE21B193E700E1131B /* Base */ = {isa = PBXFileReference; lastKnownFileType = file.storyboard; name = Base; path = Base.lproj/LaunchScreen.storyboard; sourceTree = "<group>"; };
		3DA6DD0021B193E700E1131B /* Info.plist */ = {isa = PBXFileReference; lastKnownFileType = text.plist.xml; path = Info.plist; sourceTree = "<group>"; };
		3DC222B321AF31D600A50060 /* WavefrontOBJModelIO.app */ = {isa = PBXFileReference; explicitFileType = wrapper.application; includeInIndex = 0; path = WavefrontOBJModelIO.app; sourceTree = BUILT_PRODUCTS_DIR; };
		3DC222B621AF31D600A50060 /* AppDelegate.swift */ = {isa = PBXFileReference; lastKnownFileType = sourcecode.swift; path = AppDelegate.swift; sourceTree = "<group>"; };
		3DC222B821AF31D600A50060 /* ViewController.swift */ = {isa = PBXFileReference; lastKnownFileType = sourcecode.swift; path = ViewController.swift; sourceTree = "<group>"; };
		3DC222BA21AF31D600A50060 /* Assets.xcassets */ = {isa = PBXFileReference; lastKnownFileType = folder.assetcatalog; path = Assets.xcassets; sourceTree = "<group>"; };
		3DC222BD21AF31D700A50060 /* Base */ = {isa = PBXFileReference; lastKnownFileType = file.storyboard; name = Base; path = Base.lproj/Main.storyboard; sourceTree = "<group>"; };
		3DC222BF21AF31D700A50060 /* Info.plist */ = {isa = PBXFileReference; lastKnownFileType = text.plist.xml; path = Info.plist; sourceTree = "<group>"; };
		3DC222C021AF31D700A50060 /* MetalTemplate.entitlements */ = {isa = PBXFileReference; lastKnownFileType = text.plist.entitlements; path = MetalTemplate.entitlements; sourceTree = "<group>"; };
		3DC222C621AF324200A50060 /* Renderer.swift */ = {isa = PBXFileReference; lastKnownFileType = sourcecode.swift; path = Renderer.swift; sourceTree = "<group>"; };
		3DC222C821AF349A00A50060 /* Primitive.swift */ = {isa = PBXFileReference; lastKnownFileType = sourcecode.swift; path = Primitive.swift; sourceTree = "<group>"; };
		3DC222CA21AF388700A50060 /* Shaders.metal */ = {isa = PBXFileReference; lastKnownFileType = sourcecode.metal; path = Shaders.metal; sourceTree = "<group>"; };
		3DECAC5B21B19FE4007D429C /* Assets.xcassets */ = {isa = PBXFileReference; lastKnownFileType = folder.assetcatalog; path = Assets.xcassets; sourceTree = "<group>"; };
		3DECAC5D21B1A4C6007D429C /* README.md */ = {isa = PBXFileReference; lastKnownFileType = net.daringfireball.markdown; path = README.md; sourceTree = "<group>"; };
		3DECAC6221B1B830007D429C /* ModelIOFactory */ = {isa = PBXFileReference; explicitFileType = "compiled.mach-o.executable"; includeInIndex = 0; path = ModelIOFactory; sourceTree = BUILT_PRODUCTS_DIR; };
		3DECAC6421B1B830007D429C /* main.swift */ = {isa = PBXFileReference; lastKnownFileType = sourcecode.swift; path = main.swift; sourceTree = "<group>"; };
		3DECAC6D21B1E125007D429C /* ModelIOVoxels */ = {isa = PBXFileReference; explicitFileType = "compiled.mach-o.executable"; includeInIndex = 0; path = ModelIOVoxels; sourceTree = BUILT_PRODUCTS_DIR; };
		3DECAC6F21B1E125007D429C /* main.swift */ = {isa = PBXFileReference; lastKnownFileType = sourcecode.swift; path = main.swift; sourceTree = "<group>"; };
		570E072223DC935700DA5FAF /* HelloTriangle.app */ = {isa = PBXFileReference; explicitFileType = wrapper.application; includeInIndex = 0; path = HelloTriangle.app; sourceTree = BUILT_PRODUCTS_DIR; };
		570E072423DC935700DA5FAF /* AppDelegate.h */ = {isa = PBXFileReference; lastKnownFileType = sourcecode.c.h; path = AppDelegate.h; sourceTree = "<group>"; };
		570E072523DC935700DA5FAF /* AppDelegate.m */ = {isa = PBXFileReference; lastKnownFileType = sourcecode.c.objc; path = AppDelegate.m; sourceTree = "<group>"; };
		570E072723DC935700DA5FAF /* Assets.xcassets */ = {isa = PBXFileReference; lastKnownFileType = folder.assetcatalog; path = Assets.xcassets; sourceTree = "<group>"; };
		570E072A23DC935700DA5FAF /* Base */ = {isa = PBXFileReference; lastKnownFileType = file.xib; name = Base; path = Base.lproj/MainMenu.xib; sourceTree = "<group>"; };
		570E072C23DC935700DA5FAF /* Info.plist */ = {isa = PBXFileReference; lastKnownFileType = text.plist.xml; path = Info.plist; sourceTree = "<group>"; };
		570E072D23DC935700DA5FAF /* main.m */ = {isa = PBXFileReference; lastKnownFileType = sourcecode.c.objc; path = main.m; sourceTree = "<group>"; };
		570E072F23DC935700DA5FAF /* HelloTriangle.entitlements */ = {isa = PBXFileReference; lastKnownFileType = text.plist.entitlements; path = HelloTriangle.entitlements; sourceTree = "<group>"; };
		570E073323DC938E00DA5FAF /* Renderer.h */ = {isa = PBXFileReference; lastKnownFileType = sourcecode.c.h; path = Renderer.h; sourceTree = "<group>"; };
		570E073423DC938E00DA5FAF /* Renderer.m */ = {isa = PBXFileReference; lastKnownFileType = sourcecode.c.objc; path = Renderer.m; sourceTree = "<group>"; };
		570E073823DCA3CF00DA5FAF /* Simple.metal */ = {isa = PBXFileReference; lastKnownFileType = sourcecode.metal; path = Simple.metal; sourceTree = "<group>"; };
		570E073A23DCA48700DA5FAF /* MetalStructs.h */ = {isa = PBXFileReference; lastKnownFileType = sourcecode.c.h; path = MetalStructs.h; sourceTree = "<group>"; };
		574B19E621B2190800C0C54F /* ModelIOVoxelSmash.app */ = {isa = PBXFileReference; explicitFileType = wrapper.application; includeInIndex = 0; path = ModelIOVoxelSmash.app; sourceTree = BUILT_PRODUCTS_DIR; };
		574B19E821B2190800C0C54F /* AppDelegate.swift */ = {isa = PBXFileReference; lastKnownFileType = sourcecode.swift; path = AppDelegate.swift; sourceTree = "<group>"; };
		574B19EA21B2190800C0C54F /* ViewControllerSCN.swift */ = {isa = PBXFileReference; lastKnownFileType = sourcecode.swift; path = ViewControllerSCN.swift; sourceTree = "<group>"; };
		574B19EC21B2190A00C0C54F /* Assets.xcassets */ = {isa = PBXFileReference; lastKnownFileType = folder.assetcatalog; path = Assets.xcassets; sourceTree = "<group>"; };
		574B19EF21B2190A00C0C54F /* Base */ = {isa = PBXFileReference; lastKnownFileType = file.storyboard; name = Base; path = Base.lproj/Main.storyboard; sourceTree = "<group>"; };
		574B19F121B2190A00C0C54F /* Info.plist */ = {isa = PBXFileReference; lastKnownFileType = text.plist.xml; path = Info.plist; sourceTree = "<group>"; };
		574B19F221B2190A00C0C54F /* ModelIOVoxelSmash.entitlements */ = {isa = PBXFileReference; lastKnownFileType = text.plist.entitlements; path = ModelIOVoxelSmash.entitlements; sourceTree = "<group>"; };
		574B19F621B2196E00C0C54F /* SceneView.swift */ = {isa = PBXFileReference; lastKnownFileType = sourcecode.swift; path = SceneView.swift; sourceTree = "<group>"; };
		577E617B23D5191C00A5FB49 /* MetalFromTheStartAgain.app */ = {isa = PBXFileReference; explicitFileType = wrapper.application; includeInIndex = 0; path = MetalFromTheStartAgain.app; sourceTree = BUILT_PRODUCTS_DIR; };
		577E617D23D5191C00A5FB49 /* AppDelegate.swift */ = {isa = PBXFileReference; lastKnownFileType = sourcecode.swift; path = AppDelegate.swift; sourceTree = "<group>"; };
		577E617F23D5191E00A5FB49 /* Assets.xcassets */ = {isa = PBXFileReference; lastKnownFileType = folder.assetcatalog; path = Assets.xcassets; sourceTree = "<group>"; };
		577E618223D5191E00A5FB49 /* Base */ = {isa = PBXFileReference; lastKnownFileType = file.xib; name = Base; path = Base.lproj/MainMenu.xib; sourceTree = "<group>"; };
		577E618423D5191E00A5FB49 /* Info.plist */ = {isa = PBXFileReference; lastKnownFileType = text.plist.xml; path = Info.plist; sourceTree = "<group>"; };
		577E618523D5191E00A5FB49 /* MetalFromTheStartAgain.entitlements */ = {isa = PBXFileReference; lastKnownFileType = text.plist.entitlements; path = MetalFromTheStartAgain.entitlements; sourceTree = "<group>"; };
		577E618923D51EEA00A5FB49 /* BaseShader.metal */ = {isa = PBXFileReference; lastKnownFileType = sourcecode.metal; path = BaseShader.metal; sourceTree = "<group>"; };
		577E619023D5EE7C00A5FB49 /* MetalArithmetic.app */ = {isa = PBXFileReference; explicitFileType = wrapper.application; includeInIndex = 0; path = MetalArithmetic.app; sourceTree = BUILT_PRODUCTS_DIR; };
		577E619223D5EE7C00A5FB49 /* AppDelegate.swift */ = {isa = PBXFileReference; lastKnownFileType = sourcecode.swift; path = AppDelegate.swift; sourceTree = "<group>"; };
		577E619423D5EE7E00A5FB49 /* Assets.xcassets */ = {isa = PBXFileReference; lastKnownFileType = folder.assetcatalog; path = Assets.xcassets; sourceTree = "<group>"; };
		577E619723D5EE7E00A5FB49 /* Base */ = {isa = PBXFileReference; lastKnownFileType = file.xib; name = Base; path = Base.lproj/MainMenu.xib; sourceTree = "<group>"; };
		577E619923D5EE7E00A5FB49 /* Info.plist */ = {isa = PBXFileReference; lastKnownFileType = text.plist.xml; path = Info.plist; sourceTree = "<group>"; };
		577E619A23D5EE7E00A5FB49 /* MetalArithmetic.entitlements */ = {isa = PBXFileReference; lastKnownFileType = text.plist.entitlements; path = MetalArithmetic.entitlements; sourceTree = "<group>"; };
		577E619E23D5EF6000A5FB49 /* Arith.metal */ = {isa = PBXFileReference; lastKnownFileType = sourcecode.metal; path = Arith.metal; sourceTree = "<group>"; };
		578667C521C097EE006CB17D /* Scene.swift */ = {isa = PBXFileReference; lastKnownFileType = sourcecode.swift; path = Scene.swift; sourceTree = "<group>"; };
		578667C721C09EFA006CB17D /* primative.usd */ = {isa = PBXFileReference; lastKnownFileType = asset.file.usd; path = primative.usd; sourceTree = "<group>"; };
		578667CA21C0A60B006CB17D /* Base */ = {isa = PBXFileReference; lastKnownFileType = file.storyboard; name = Base; path = "MetalTemplate/Base.lproj/Main-no-control.storyboard"; sourceTree = "<group>"; };
		57DA0F8A21AF641A00A74ACD /* choo-choo.obj */ = {isa = PBXFileReference; lastKnownFileType = text; path = "choo-choo.obj"; sourceTree = "<group>"; };
		57DD876F21B61A2400D47148 /* ViewController.swift */ = {isa = PBXFileReference; fileEncoding = 4; lastKnownFileType = sourcecode.swift; path = ViewController.swift; sourceTree = "<group>"; };
/* End PBXFileReference section */

/* Begin PBXFrameworksBuildPhase section */
		3D6A246121B03F0100F054E5 /* Frameworks */ = {
			isa = PBXFrameworksBuildPhase;
			buildActionMask = 2147483647;
			files = (
			);
			runOnlyForDeploymentPostprocessing = 0;
		};
		3D6A248821B06FB100F054E5 /* Frameworks */ = {
			isa = PBXFrameworksBuildPhase;
			buildActionMask = 2147483647;
			files = (
			);
			runOnlyForDeploymentPostprocessing = 0;
		};
		3D7800F921C03B3A0024E261 /* Frameworks */ = {
			isa = PBXFrameworksBuildPhase;
			buildActionMask = 2147483647;
			files = (
			);
			runOnlyForDeploymentPostprocessing = 0;
		};
		3D8FFE1F21B70DF7003A081B /* Frameworks */ = {
			isa = PBXFrameworksBuildPhase;
			buildActionMask = 2147483647;
			files = (
			);
			runOnlyForDeploymentPostprocessing = 0;
		};
		3DA6DCCD21B1859800E1131B /* Frameworks */ = {
			isa = PBXFrameworksBuildPhase;
			buildActionMask = 2147483647;
			files = (
			);
			runOnlyForDeploymentPostprocessing = 0;
		};
		3DA6DCEF21B193E600E1131B /* Frameworks */ = {
			isa = PBXFrameworksBuildPhase;
			buildActionMask = 2147483647;
			files = (
			);
			runOnlyForDeploymentPostprocessing = 0;
		};
		3DC222B021AF31D600A50060 /* Frameworks */ = {
			isa = PBXFrameworksBuildPhase;
			buildActionMask = 2147483647;
			files = (
			);
			runOnlyForDeploymentPostprocessing = 0;
		};
		3DECAC5F21B1B830007D429C /* Frameworks */ = {
			isa = PBXFrameworksBuildPhase;
			buildActionMask = 2147483647;
			files = (
			);
			runOnlyForDeploymentPostprocessing = 0;
		};
		3DECAC6A21B1E125007D429C /* Frameworks */ = {
			isa = PBXFrameworksBuildPhase;
			buildActionMask = 2147483647;
			files = (
			);
			runOnlyForDeploymentPostprocessing = 0;
		};
		570E071F23DC935700DA5FAF /* Frameworks */ = {
			isa = PBXFrameworksBuildPhase;
			buildActionMask = 2147483647;
			files = (
			);
			runOnlyForDeploymentPostprocessing = 0;
		};
		574B19E321B2190800C0C54F /* Frameworks */ = {
			isa = PBXFrameworksBuildPhase;
			buildActionMask = 2147483647;
			files = (
			);
			runOnlyForDeploymentPostprocessing = 0;
		};
		577E617823D5191C00A5FB49 /* Frameworks */ = {
			isa = PBXFrameworksBuildPhase;
			buildActionMask = 2147483647;
			files = (
			);
			runOnlyForDeploymentPostprocessing = 0;
		};
		577E618D23D5EE7C00A5FB49 /* Frameworks */ = {
			isa = PBXFrameworksBuildPhase;
			buildActionMask = 2147483647;
			files = (
			);
			runOnlyForDeploymentPostprocessing = 0;
		};
/* End PBXFrameworksBuildPhase section */

/* Begin PBXGroup section */
		3D6A246521B03F0100F054E5 /* Matrices */ = {
			isa = PBXGroup;
			children = (
				3D6A248521B0649000F054E5 /* ViewController.swift */,
				3D6A247D21B040EC00F054E5 /* TransformShaders.metal */,
				3D6A247A21B03F6600F054E5 /* RendererVertex.swift */,
				3D6A248221B043B300F054E5 /* Main2.storyboard */,
				3D6A246F21B03F0300F054E5 /* Info.plist */,
				3D6A247021B03F0300F054E5 /* Matrices.entitlements */,
			);
			path = Matrices;
			sourceTree = "<group>";
		};
		3D6A248C21B06FB100F054E5 /* ScaleRotate */ = {
			isa = PBXGroup;
			children = (
				3D6A249F21B0722B00F054E5 /* RendererRotateScale.swift */,
				3D6A24A121B08B9E00F054E5 /* RotateShaders.metal */,
				3D6A249421B06FB200F054E5 /* Info.plist */,
				3D6A249521B06FB200F054E5 /* ScaleRotate.entitlements */,
			);
			path = ScaleRotate;
			sourceTree = "<group>";
		};
		3D7800FD21C03B3A0024E261 /* Lighting2SceneGraph */ = {
			isa = PBXGroup;
			children = (
				578667C921C0A60B006CB17D /* Main-no-control.storyboard */,
				578667C521C097EE006CB17D /* Scene.swift */,
				3D78011321C03BDE0024E261 /* ViewController.swift */,
				3D78010F21C03B830024E261 /* LightingShader.metal */,
				3D78010D21C03B750024E261 /* Model.swift */,
				3D78010B21C03B690024E261 /* LightingRenderer.swift */,
				3D9BB9F621C857BA00E63FA0 /* LightingRenderer-tweaked.swift */,
				3D78010521C03B3C0024E261 /* Info.plist */,
				3D78010621C03B3C0024E261 /* Lighting2SceneGraph.entitlements */,
			);
			path = Lighting2SceneGraph;
			sourceTree = "<group>";
		};
		3D8FFE1C21B70D8A003A081B /* SceneKit */ = {
			isa = PBXGroup;
			children = (
				574B19E721B2190800C0C54F /* ModelIOVoxelSmash */,
			);
			path = SceneKit;
			sourceTree = "<group>";
		};
		3D8FFE1D21B70DA6003A081B /* Model IO */ = {
			isa = PBXGroup;
			children = (
				3DECAC6321B1B830007D429C /* ModelIOFactory */,
				3DECAC6E21B1E125007D429C /* ModelIOVoxels */,
			);
			path = "Model IO";
			sourceTree = "<group>";
		};
		3D8FFE2321B70DF7003A081B /* Lighting */ = {
			isa = PBXGroup;
			children = (
				3D8FFE3321B70E3B003A081B /* LightingRenderer.swift */,
				3D9DE59A21B72341007BC069 /* Model.swift */,
				3D8FFE3121B70E2E003A081B /* LightingShader.metal */,
				3D8FFE2B21B70DF8003A081B /* Info.plist */,
				3D8FFE2C21B70DF8003A081B /* Lighting.entitlements */,
			);
			path = Lighting;
			sourceTree = "<group>";
		};
		3DA6DCD121B1859800E1131B /* Projection */ = {
			isa = PBXGroup;
			children = (
				57DD876F21B61A2400D47148 /* ViewController.swift */,
				3DA6DCE721B1866C00E1131B /* ProjectionShader.metal */,
				3DA6DCE221B185E900E1131B /* ProjectionRenderer.swift */,
				3DA6DCD921B1859900E1131B /* Info.plist */,
				3DA6DCDA21B1859900E1131B /* Projection.entitlements */,
			);
			path = Projection;
			sourceTree = "<group>";
		};
		3DA6DCF321B193E600E1131B /* HypeTrain */ = {
			isa = PBXGroup;
			children = (
				3DA6DCF421B193E600E1131B /* AppDelegate.swift */,
				3DA6DCF621B193E600E1131B /* ViewController.swift */,
				3DA6DCF821B193E600E1131B /* Main.storyboard */,
				3DECAC5B21B19FE4007D429C /* Assets.xcassets */,
				3DA6DCFD21B193E700E1131B /* LaunchScreen.storyboard */,
				3DA6DD0021B193E700E1131B /* Info.plist */,
			);
			path = HypeTrain;
			sourceTree = "<group>";
		};
		3DC222AA21AF31D600A50060 = {
			isa = PBXGroup;
			children = (
				3D6A24A321B0977100F054E5 /* Common.h */,
				3DECAC5D21B1A4C6007D429C /* README.md */,
				3DA6DCE921B1872400E1131B /* MathLibrary.swift */,
				57DA0F8A21AF641A00A74ACD /* choo-choo.obj */,
				578667C721C09EFA006CB17D /* primative.usd */,
				3DC222B521AF31D600A50060 /* MetalTemplate */,
				3D6A246521B03F0100F054E5 /* Matrices */,
				3D6A248C21B06FB100F054E5 /* ScaleRotate */,
				3DA6DCD121B1859800E1131B /* Projection */,
				3DA6DCF321B193E600E1131B /* HypeTrain */,
				3D8FFE2321B70DF7003A081B /* Lighting */,
				3D7800FD21C03B3A0024E261 /* Lighting2SceneGraph */,
				3D8FFE1D21B70DA6003A081B /* Model IO */,
				3D8FFE1C21B70D8A003A081B /* SceneKit */,
				577E617C23D5191C00A5FB49 /* MetalFromTheStartAgain */,
				577E619123D5EE7C00A5FB49 /* MetalArithmetic */,
				570E072323DC935700DA5FAF /* HelloTriangle */,
				3DC222B421AF31D600A50060 /* Products */,
			);
			sourceTree = "<group>";
		};
		3DC222B421AF31D600A50060 /* Products */ = {
			isa = PBXGroup;
			children = (
				3DC222B321AF31D600A50060 /* WavefrontOBJModelIO.app */,
				3D6A246421B03F0100F054E5 /* TranslateMatrix.app */,
				3D6A248B21B06FB100F054E5 /* ScaleRotateMatrix.app */,
				3DA6DCD021B1859800E1131B /* Projection.app */,
				3DA6DCF221B193E600E1131B /* HypeTrain.app */,
				3DECAC6221B1B830007D429C /* ModelIOFactory */,
				3DECAC6D21B1E125007D429C /* ModelIOVoxels */,
				574B19E621B2190800C0C54F /* ModelIOVoxelSmash.app */,
				3D8FFE2221B70DF7003A081B /* Lighting.app */,
				3D7800FC21C03B3A0024E261 /* Lighting2SceneGraph.app */,
				577E617B23D5191C00A5FB49 /* MetalFromTheStartAgain.app */,
				577E619023D5EE7C00A5FB49 /* MetalArithmetic.app */,
				570E072223DC935700DA5FAF /* HelloTriangle.app */,
			);
			name = Products;
			sourceTree = "<group>";
		};
		3DC222B521AF31D600A50060 /* MetalTemplate */ = {
			isa = PBXGroup;
			children = (
				3DC222B621AF31D600A50060 /* AppDelegate.swift */,
				3DC222B821AF31D600A50060 /* ViewController.swift */,
				3DC222C821AF349A00A50060 /* Primitive.swift */,
				3DC222C621AF324200A50060 /* Renderer.swift */,
				3DC222CA21AF388700A50060 /* Shaders.metal */,
				3DC222BA21AF31D600A50060 /* Assets.xcassets */,
				3DC222BC21AF31D700A50060 /* Main.storyboard */,
				3DC222BF21AF31D700A50060 /* Info.plist */,
				3DC222C021AF31D700A50060 /* MetalTemplate.entitlements */,
			);
			path = MetalTemplate;
			sourceTree = "<group>";
		};
		3DECAC6321B1B830007D429C /* ModelIOFactory */ = {
			isa = PBXGroup;
			children = (
				3DECAC6421B1B830007D429C /* main.swift */,
			);
			path = ModelIOFactory;
			sourceTree = "<group>";
		};
		3DECAC6E21B1E125007D429C /* ModelIOVoxels */ = {
			isa = PBXGroup;
			children = (
				3DECAC6F21B1E125007D429C /* main.swift */,
			);
			path = ModelIOVoxels;
			sourceTree = "<group>";
		};
		570E072323DC935700DA5FAF /* HelloTriangle */ = {
			isa = PBXGroup;
			children = (
				570E072423DC935700DA5FAF /* AppDelegate.h */,
				570E072523DC935700DA5FAF /* AppDelegate.m */,
				570E073323DC938E00DA5FAF /* Renderer.h */,
				570E073423DC938E00DA5FAF /* Renderer.m */,
				570E073823DCA3CF00DA5FAF /* Simple.metal */,
				570E073A23DCA48700DA5FAF /* MetalStructs.h */,
				570E072723DC935700DA5FAF /* Assets.xcassets */,
				570E072923DC935700DA5FAF /* MainMenu.xib */,
				570E072C23DC935700DA5FAF /* Info.plist */,
				570E072D23DC935700DA5FAF /* main.m */,
				570E072F23DC935700DA5FAF /* HelloTriangle.entitlements */,
			);
			path = HelloTriangle;
			sourceTree = "<group>";
		};
		574B19E721B2190800C0C54F /* ModelIOVoxelSmash */ = {
			isa = PBXGroup;
			children = (
				574B19E821B2190800C0C54F /* AppDelegate.swift */,
				574B19EA21B2190800C0C54F /* ViewControllerSCN.swift */,
				574B19EC21B2190A00C0C54F /* Assets.xcassets */,
				574B19EE21B2190A00C0C54F /* Main.storyboard */,
				574B19F621B2196E00C0C54F /* SceneView.swift */,
				574B19F121B2190A00C0C54F /* Info.plist */,
				574B19F221B2190A00C0C54F /* ModelIOVoxelSmash.entitlements */,
			);
			path = ModelIOVoxelSmash;
			sourceTree = "<group>";
		};
		577E617C23D5191C00A5FB49 /* MetalFromTheStartAgain */ = {
			isa = PBXGroup;
			children = (
				577E617D23D5191C00A5FB49 /* AppDelegate.swift */,
				577E618923D51EEA00A5FB49 /* BaseShader.metal */,
				577E617F23D5191E00A5FB49 /* Assets.xcassets */,
				577E618123D5191E00A5FB49 /* MainMenu.xib */,
				577E618423D5191E00A5FB49 /* Info.plist */,
				577E618523D5191E00A5FB49 /* MetalFromTheStartAgain.entitlements */,
			);
			path = MetalFromTheStartAgain;
			sourceTree = "<group>";
		};
		577E619123D5EE7C00A5FB49 /* MetalArithmetic */ = {
			isa = PBXGroup;
			children = (
				577E619223D5EE7C00A5FB49 /* AppDelegate.swift */,
				577E619E23D5EF6000A5FB49 /* Arith.metal */,
				577E619423D5EE7E00A5FB49 /* Assets.xcassets */,
				577E619623D5EE7E00A5FB49 /* MainMenu.xib */,
				577E619923D5EE7E00A5FB49 /* Info.plist */,
				577E619A23D5EE7E00A5FB49 /* MetalArithmetic.entitlements */,
			);
			path = MetalArithmetic;
			sourceTree = "<group>";
		};
/* End PBXGroup section */

/* Begin PBXNativeTarget section */
		3D6A246321B03F0100F054E5 /* TranslateMatrix */ = {
			isa = PBXNativeTarget;
			buildConfigurationList = 3D6A247121B03F0300F054E5 /* Build configuration list for PBXNativeTarget "TranslateMatrix" */;
			buildPhases = (
				3D6A246021B03F0100F054E5 /* Sources */,
				3D6A246121B03F0100F054E5 /* Frameworks */,
				3D6A246221B03F0100F054E5 /* Resources */,
			);
			buildRules = (
			);
			dependencies = (
			);
			name = TranslateMatrix;
			productName = Matrices;
			productReference = 3D6A246421B03F0100F054E5 /* TranslateMatrix.app */;
			productType = "com.apple.product-type.application";
		};
		3D6A248A21B06FB100F054E5 /* ScaleRotateMatrix */ = {
			isa = PBXNativeTarget;
			buildConfigurationList = 3D6A249621B06FB200F054E5 /* Build configuration list for PBXNativeTarget "ScaleRotateMatrix" */;
			buildPhases = (
				3D6A248721B06FB100F054E5 /* Sources */,
				3D6A248821B06FB100F054E5 /* Frameworks */,
				3D6A248921B06FB100F054E5 /* Resources */,
			);
			buildRules = (
			);
			dependencies = (
			);
			name = ScaleRotateMatrix;
			productName = ScaleRotate;
			productReference = 3D6A248B21B06FB100F054E5 /* ScaleRotateMatrix.app */;
			productType = "com.apple.product-type.application";
		};
		3D7800FB21C03B3A0024E261 /* Lighting2SceneGraph */ = {
			isa = PBXNativeTarget;
			buildConfigurationList = 3D78010921C03B3C0024E261 /* Build configuration list for PBXNativeTarget "Lighting2SceneGraph" */;
			buildPhases = (
				3D7800F821C03B3A0024E261 /* Sources */,
				3D7800F921C03B3A0024E261 /* Frameworks */,
				3D7800FA21C03B3A0024E261 /* Resources */,
			);
			buildRules = (
			);
			dependencies = (
			);
			name = Lighting2SceneGraph;
			productName = Lighting2SceneGraph;
			productReference = 3D7800FC21C03B3A0024E261 /* Lighting2SceneGraph.app */;
			productType = "com.apple.product-type.application";
		};
		3D8FFE2121B70DF7003A081B /* Lighting */ = {
			isa = PBXNativeTarget;
			buildConfigurationList = 3D8FFE2D21B70DF8003A081B /* Build configuration list for PBXNativeTarget "Lighting" */;
			buildPhases = (
				3D8FFE1E21B70DF7003A081B /* Sources */,
				3D8FFE1F21B70DF7003A081B /* Frameworks */,
				3D8FFE2021B70DF7003A081B /* Resources */,
			);
			buildRules = (
			);
			dependencies = (
			);
			name = Lighting;
			productName = Lighting;
			productReference = 3D8FFE2221B70DF7003A081B /* Lighting.app */;
			productType = "com.apple.product-type.application";
		};
		3DA6DCCF21B1859800E1131B /* Projection */ = {
			isa = PBXNativeTarget;
			buildConfigurationList = 3DA6DCDD21B1859900E1131B /* Build configuration list for PBXNativeTarget "Projection" */;
			buildPhases = (
				3DA6DCCC21B1859800E1131B /* Sources */,
				3DA6DCCD21B1859800E1131B /* Frameworks */,
				3DA6DCCE21B1859800E1131B /* Resources */,
			);
			buildRules = (
			);
			dependencies = (
			);
			name = Projection;
			productName = Projection;
			productReference = 3DA6DCD021B1859800E1131B /* Projection.app */;
			productType = "com.apple.product-type.application";
		};
		3DA6DCF121B193E600E1131B /* HypeTrain */ = {
			isa = PBXNativeTarget;
			buildConfigurationList = 3DA6DD0121B193E700E1131B /* Build configuration list for PBXNativeTarget "HypeTrain" */;
			buildPhases = (
				3DA6DCEE21B193E600E1131B /* Sources */,
				3DA6DCEF21B193E600E1131B /* Frameworks */,
				3DA6DCF021B193E600E1131B /* Resources */,
			);
			buildRules = (
			);
			dependencies = (
			);
			name = HypeTrain;
			productName = HypeTrain;
			productReference = 3DA6DCF221B193E600E1131B /* HypeTrain.app */;
			productType = "com.apple.product-type.application";
		};
		3DC222B221AF31D600A50060 /* WavefrontOBJModelIO */ = {
			isa = PBXNativeTarget;
			buildConfigurationList = 3DC222C321AF31D700A50060 /* Build configuration list for PBXNativeTarget "WavefrontOBJModelIO" */;
			buildPhases = (
				3DC222AF21AF31D600A50060 /* Sources */,
				3DC222B021AF31D600A50060 /* Frameworks */,
				3DC222B121AF31D600A50060 /* Resources */,
			);
			buildRules = (
			);
			dependencies = (
			);
			name = WavefrontOBJModelIO;
			productName = MetalTemplate;
			productReference = 3DC222B321AF31D600A50060 /* WavefrontOBJModelIO.app */;
			productType = "com.apple.product-type.application";
		};
		3DECAC6121B1B830007D429C /* ModelIOFactory */ = {
			isa = PBXNativeTarget;
			buildConfigurationList = 3DECAC6621B1B830007D429C /* Build configuration list for PBXNativeTarget "ModelIOFactory" */;
			buildPhases = (
				3DECAC5E21B1B830007D429C /* Sources */,
				3DECAC5F21B1B830007D429C /* Frameworks */,
				3DECAC6021B1B830007D429C /* CopyFiles */,
			);
			buildRules = (
			);
			dependencies = (
			);
			name = ModelIOFactory;
			productName = ModelIOFactory;
			productReference = 3DECAC6221B1B830007D429C /* ModelIOFactory */;
			productType = "com.apple.product-type.tool";
		};
		3DECAC6C21B1E125007D429C /* ModelIOVoxels */ = {
			isa = PBXNativeTarget;
			buildConfigurationList = 3DECAC7121B1E125007D429C /* Build configuration list for PBXNativeTarget "ModelIOVoxels" */;
			buildPhases = (
				3DECAC6921B1E125007D429C /* Sources */,
				3DECAC6A21B1E125007D429C /* Frameworks */,
				3DECAC6B21B1E125007D429C /* CopyFiles */,
			);
			buildRules = (
			);
			dependencies = (
			);
			name = ModelIOVoxels;
			productName = ModelIOVoxels;
			productReference = 3DECAC6D21B1E125007D429C /* ModelIOVoxels */;
			productType = "com.apple.product-type.tool";
		};
		570E072123DC935700DA5FAF /* HelloTriangle */ = {
			isa = PBXNativeTarget;
			buildConfigurationList = 570E073223DC935700DA5FAF /* Build configuration list for PBXNativeTarget "HelloTriangle" */;
			buildPhases = (
				570E071E23DC935700DA5FAF /* Sources */,
				570E071F23DC935700DA5FAF /* Frameworks */,
				570E072023DC935700DA5FAF /* Resources */,
			);
			buildRules = (
			);
			dependencies = (
			);
			name = HelloTriangle;
			productName = HelloTriangle;
			productReference = 570E072223DC935700DA5FAF /* HelloTriangle.app */;
			productType = "com.apple.product-type.application";
		};
		574B19E521B2190800C0C54F /* ModelIOVoxelSmash */ = {
			isa = PBXNativeTarget;
			buildConfigurationList = 574B19F521B2190A00C0C54F /* Build configuration list for PBXNativeTarget "ModelIOVoxelSmash" */;
			buildPhases = (
				574B19E221B2190800C0C54F /* Sources */,
				574B19E321B2190800C0C54F /* Frameworks */,
				574B19E421B2190800C0C54F /* Resources */,
			);
			buildRules = (
			);
			dependencies = (
			);
			name = ModelIOVoxelSmash;
			productName = ModelIOVoxelSmash;
			productReference = 574B19E621B2190800C0C54F /* ModelIOVoxelSmash.app */;
			productType = "com.apple.product-type.application";
		};
		577E617A23D5191C00A5FB49 /* MetalFromTheStartAgain */ = {
			isa = PBXNativeTarget;
			buildConfigurationList = 577E618823D5191E00A5FB49 /* Build configuration list for PBXNativeTarget "MetalFromTheStartAgain" */;
			buildPhases = (
				577E617723D5191C00A5FB49 /* Sources */,
				577E617823D5191C00A5FB49 /* Frameworks */,
				577E617923D5191C00A5FB49 /* Resources */,
			);
			buildRules = (
			);
			dependencies = (
			);
			name = MetalFromTheStartAgain;
			productName = MetalFromTheStartAgain;
			productReference = 577E617B23D5191C00A5FB49 /* MetalFromTheStartAgain.app */;
			productType = "com.apple.product-type.application";
		};
		577E618F23D5EE7C00A5FB49 /* MetalArithmetic */ = {
			isa = PBXNativeTarget;
			buildConfigurationList = 577E619D23D5EE7E00A5FB49 /* Build configuration list for PBXNativeTarget "MetalArithmetic" */;
			buildPhases = (
				577E618C23D5EE7C00A5FB49 /* Sources */,
				577E618D23D5EE7C00A5FB49 /* Frameworks */,
				577E618E23D5EE7C00A5FB49 /* Resources */,
			);
			buildRules = (
			);
			dependencies = (
			);
			name = MetalArithmetic;
			productName = MetalArithmetic;
			productReference = 577E619023D5EE7C00A5FB49 /* MetalArithmetic.app */;
			productType = "com.apple.product-type.application";
		};
/* End PBXNativeTarget section */

/* Begin PBXProject section */
		3DC222AB21AF31D600A50060 /* Project object */ = {
			isa = PBXProject;
			attributes = {
				LastSwiftUpdateCheck = 1130;
				LastUpgradeCheck = 1000;
				ORGANIZATIONNAME = "Joss Manger";
				TargetAttributes = {
					3D6A246321B03F0100F054E5 = {
						CreatedOnToolsVersion = 10.0;
					};
					3D6A248A21B06FB100F054E5 = {
						CreatedOnToolsVersion = 10.0;
					};
					3D7800FB21C03B3A0024E261 = {
						CreatedOnToolsVersion = 10.1;
					};
					3D8FFE2121B70DF7003A081B = {
						CreatedOnToolsVersion = 10.1;
					};
					3DA6DCCF21B1859800E1131B = {
						CreatedOnToolsVersion = 10.0;
					};
					3DA6DCF121B193E600E1131B = {
						CreatedOnToolsVersion = 10.0;
					};
					3DC222B221AF31D600A50060 = {
						CreatedOnToolsVersion = 10.0;
					};
					3DECAC6121B1B830007D429C = {
						CreatedOnToolsVersion = 10.1;
					};
					3DECAC6C21B1E125007D429C = {
						CreatedOnToolsVersion = 10.1;
					};
					570E072123DC935700DA5FAF = {
						CreatedOnToolsVersion = 11.3.1;
					};
					574B19E521B2190800C0C54F = {
						CreatedOnToolsVersion = 10.1;
					};
					577E617A23D5191C00A5FB49 = {
						CreatedOnToolsVersion = 11.3.1;
					};
					577E618F23D5EE7C00A5FB49 = {
						CreatedOnToolsVersion = 11.3.1;
					};
				};
			};
			buildConfigurationList = 3DC222AE21AF31D600A50060 /* Build configuration list for PBXProject "MetalSandbox" */;
			compatibilityVersion = "Xcode 9.3";
			developmentRegion = en;
			hasScannedForEncodings = 0;
			knownRegions = (
				en,
				Base,
			);
			mainGroup = 3DC222AA21AF31D600A50060;
			productRefGroup = 3DC222B421AF31D600A50060 /* Products */;
			projectDirPath = "";
			projectRoot = "";
			targets = (
				3DC222B221AF31D600A50060 /* WavefrontOBJModelIO */,
				3D6A246321B03F0100F054E5 /* TranslateMatrix */,
				3D6A248A21B06FB100F054E5 /* ScaleRotateMatrix */,
				3DA6DCCF21B1859800E1131B /* Projection */,
				3DA6DCF121B193E600E1131B /* HypeTrain */,
				3DECAC6121B1B830007D429C /* ModelIOFactory */,
				3DECAC6C21B1E125007D429C /* ModelIOVoxels */,
				574B19E521B2190800C0C54F /* ModelIOVoxelSmash */,
				3D8FFE2121B70DF7003A081B /* Lighting */,
				3D7800FB21C03B3A0024E261 /* Lighting2SceneGraph */,
				577E617A23D5191C00A5FB49 /* MetalFromTheStartAgain */,
				577E618F23D5EE7C00A5FB49 /* MetalArithmetic */,
				570E072123DC935700DA5FAF /* HelloTriangle */,
			);
		};
/* End PBXProject section */

/* Begin PBXResourcesBuildPhase section */
		3D6A246221B03F0100F054E5 /* Resources */ = {
			isa = PBXResourcesBuildPhase;
			buildActionMask = 2147483647;
			files = (
				3D6A247921B03F4500F054E5 /* Main.storyboard in Resources */,
				3D6A248421B043B300F054E5 /* Main2.storyboard in Resources */,
				3D6A247C21B03F7900F054E5 /* choo-choo.obj in Resources */,
			);
			runOnlyForDeploymentPostprocessing = 0;
		};
		3D6A248921B06FB100F054E5 /* Resources */ = {
			isa = PBXResourcesBuildPhase;
			buildActionMask = 2147483647;
			files = (
				3D6A249E21B0714E00F054E5 /* Main2.storyboard in Resources */,
			);
			runOnlyForDeploymentPostprocessing = 0;
		};
		3D7800FA21C03B3A0024E261 /* Resources */ = {
			isa = PBXResourcesBuildPhase;
			buildActionMask = 2147483647;
			files = (
				3D78011521C03BED0024E261 /* choo-choo.obj in Resources */,
				578667CB21C0A60B006CB17D /* Main-no-control.storyboard in Resources */,
				578667C821C09EFA006CB17D /* primative.usd in Resources */,
			);
			runOnlyForDeploymentPostprocessing = 0;
		};
		3D8FFE2021B70DF7003A081B /* Resources */ = {
			isa = PBXResourcesBuildPhase;
			buildActionMask = 2147483647;
			files = (
				3D9DE59221B70FC7007BC069 /* Main.storyboard in Resources */,
				3D9DE59621B711AA007BC069 /* choo-choo.obj in Resources */,
			);
			runOnlyForDeploymentPostprocessing = 0;
		};
		3DA6DCCE21B1859800E1131B /* Resources */ = {
			isa = PBXResourcesBuildPhase;
			buildActionMask = 2147483647;
			files = (
				3DA6DCE421B185F000E1131B /* choo-choo.obj in Resources */,
				3DA6DCE621B1864700E1131B /* Main.storyboard in Resources */,
			);
			runOnlyForDeploymentPostprocessing = 0;
		};
		3DA6DCF021B193E600E1131B /* Resources */ = {
			isa = PBXResourcesBuildPhase;
			buildActionMask = 2147483647;
			files = (
				3DA6DCFF21B193E700E1131B /* LaunchScreen.storyboard in Resources */,
				3DECAC5A21B19E9A007D429C /* choo-choo.obj in Resources */,
				3DECAC5C21B19FE4007D429C /* Assets.xcassets in Resources */,
				3DA6DCFA21B193E600E1131B /* Main.storyboard in Resources */,
			);
			runOnlyForDeploymentPostprocessing = 0;
		};
		3DC222B121AF31D600A50060 /* Resources */ = {
			isa = PBXResourcesBuildPhase;
			buildActionMask = 2147483647;
			files = (
				57DA0F8B21AF64D300A74ACD /* choo-choo.obj in Resources */,
				3DC222BB21AF31D600A50060 /* Assets.xcassets in Resources */,
				3DC222BE21AF31D700A50060 /* Main.storyboard in Resources */,
			);
			runOnlyForDeploymentPostprocessing = 0;
		};
		570E072023DC935700DA5FAF /* Resources */ = {
			isa = PBXResourcesBuildPhase;
			buildActionMask = 2147483647;
			files = (
				570E072823DC935700DA5FAF /* Assets.xcassets in Resources */,
				570E072B23DC935700DA5FAF /* MainMenu.xib in Resources */,
			);
			runOnlyForDeploymentPostprocessing = 0;
		};
		574B19E421B2190800C0C54F /* Resources */ = {
			isa = PBXResourcesBuildPhase;
			buildActionMask = 2147483647;
			files = (
				574B19ED21B2190A00C0C54F /* Assets.xcassets in Resources */,
				574B19F021B2190A00C0C54F /* Main.storyboard in Resources */,
			);
			runOnlyForDeploymentPostprocessing = 0;
		};
		577E617923D5191C00A5FB49 /* Resources */ = {
			isa = PBXResourcesBuildPhase;
			buildActionMask = 2147483647;
			files = (
				577E618B23D5286600A5FB49 /* choo-choo.obj in Resources */,
				577E618023D5191E00A5FB49 /* Assets.xcassets in Resources */,
				577E618323D5191E00A5FB49 /* MainMenu.xib in Resources */,
			);
			runOnlyForDeploymentPostprocessing = 0;
		};
		577E618E23D5EE7C00A5FB49 /* Resources */ = {
			isa = PBXResourcesBuildPhase;
			buildActionMask = 2147483647;
			files = (
				577E619523D5EE7E00A5FB49 /* Assets.xcassets in Resources */,
				577E619823D5EE7E00A5FB49 /* MainMenu.xib in Resources */,
			);
			runOnlyForDeploymentPostprocessing = 0;
		};
/* End PBXResourcesBuildPhase section */

/* Begin PBXSourcesBuildPhase section */
		3D6A246021B03F0100F054E5 /* Sources */ = {
			isa = PBXSourcesBuildPhase;
			buildActionMask = 2147483647;
			files = (
				3D6A247521B03F3100F054E5 /* AppDelegate.swift in Sources */,
				3D6A247E21B040EC00F054E5 /* TransformShaders.metal in Sources */,
				3D6A247B21B03F6600F054E5 /* RendererVertex.swift in Sources */,
				3D6A248621B0649000F054E5 /* ViewController.swift in Sources */,
				3D6A247721B03F3700F054E5 /* Primitive.swift in Sources */,
				3DA6DCEB21B1872400E1131B /* MathLibrary.swift in Sources */,
			);
			runOnlyForDeploymentPostprocessing = 0;
		};
		3D6A248721B06FB100F054E5 /* Sources */ = {
			isa = PBXSourcesBuildPhase;
			buildActionMask = 2147483647;
			files = (
				3D6A24A021B0722B00F054E5 /* RendererRotateScale.swift in Sources */,
				3D6A249A21B06FE800F054E5 /* ViewController.swift in Sources */,
				3D6A24A221B08B9E00F054E5 /* RotateShaders.metal in Sources */,
				3D6A249921B06FE500F054E5 /* AppDelegate.swift in Sources */,
				3DA6DCE021B185CE00E1131B /* Primitive.swift in Sources */,
				3DA6DCEC21B1872400E1131B /* MathLibrary.swift in Sources */,
			);
			runOnlyForDeploymentPostprocessing = 0;
		};
		3D7800F821C03B3A0024E261 /* Sources */ = {
			isa = PBXSourcesBuildPhase;
			buildActionMask = 2147483647;
			files = (
				3D78011421C03BDE0024E261 /* ViewController.swift in Sources */,
				3D78010E21C03B750024E261 /* Model.swift in Sources */,
				3D78010C21C03B690024E261 /* LightingRenderer.swift in Sources */,
				3D78011021C03B830024E261 /* LightingShader.metal in Sources */,
				578667C621C097EE006CB17D /* Scene.swift in Sources */,
				3D78010A21C03B560024E261 /* AppDelegate.swift in Sources */,
				3D78011121C03B910024E261 /* MathLibrary.swift in Sources */,
			);
			runOnlyForDeploymentPostprocessing = 0;
		};
		3D8FFE1E21B70DF7003A081B /* Sources */ = {
			isa = PBXSourcesBuildPhase;
			buildActionMask = 2147483647;
			files = (
				3D9DE59521B7119D007BC069 /* AppDelegate.swift in Sources */,
				3D8FFE3221B70E2E003A081B /* LightingShader.metal in Sources */,
				3D9DE59B21B72341007BC069 /* Model.swift in Sources */,
				3D8FFE3421B70E3B003A081B /* LightingRenderer.swift in Sources */,
				3D8FFE3621B70F5E003A081B /* ViewController.swift in Sources */,
				3D8FFE3521B70F0A003A081B /* MathLibrary.swift in Sources */,
				3D9DE59421B7118B007BC069 /* Primitive.swift in Sources */,
			);
			runOnlyForDeploymentPostprocessing = 0;
		};
		3DA6DCCC21B1859800E1131B /* Sources */ = {
			isa = PBXSourcesBuildPhase;
			buildActionMask = 2147483647;
			files = (
				3DA6DCE121B185CF00E1131B /* Primitive.swift in Sources */,
				3DA6DCE821B1866C00E1131B /* ProjectionShader.metal in Sources */,
				3DA6DCDE21B185C100E1131B /* AppDelegate.swift in Sources */,
				57DD877021B61A2400D47148 /* ViewController.swift in Sources */,
				3DA6DCE321B185E900E1131B /* ProjectionRenderer.swift in Sources */,
				3DA6DCED21B1872400E1131B /* MathLibrary.swift in Sources */,
			);
			runOnlyForDeploymentPostprocessing = 0;
		};
		3DA6DCEE21B193E600E1131B /* Sources */ = {
			isa = PBXSourcesBuildPhase;
			buildActionMask = 2147483647;
			files = (
				3DA6DCF721B193E600E1131B /* ViewController.swift in Sources */,
				3DA6DD0421B1941D00E1131B /* ProjectionShader.metal in Sources */,
				3DA6DCF521B193E600E1131B /* AppDelegate.swift in Sources */,
				3DA6DD0521B1942000E1131B /* ProjectionRenderer.swift in Sources */,
				3DA6DD0621B1946D00E1131B /* MathLibrary.swift in Sources */,
			);
			runOnlyForDeploymentPostprocessing = 0;
		};
		3DC222AF21AF31D600A50060 /* Sources */ = {
			isa = PBXSourcesBuildPhase;
			buildActionMask = 2147483647;
			files = (
				57F1E8BD21B41B4800BF9272 /* ViewController.swift in Sources */,
				3DC222C721AF324200A50060 /* Renderer.swift in Sources */,
				3DC222B721AF31D600A50060 /* AppDelegate.swift in Sources */,
				3DC222C921AF349A00A50060 /* Primitive.swift in Sources */,
				3DC222CB21AF388700A50060 /* Shaders.metal in Sources */,
				3DA6DCEA21B1872400E1131B /* MathLibrary.swift in Sources */,
			);
			runOnlyForDeploymentPostprocessing = 0;
		};
		3DECAC5E21B1B830007D429C /* Sources */ = {
			isa = PBXSourcesBuildPhase;
			buildActionMask = 2147483647;
			files = (
				3DECAC6521B1B830007D429C /* main.swift in Sources */,
			);
			runOnlyForDeploymentPostprocessing = 0;
		};
		3DECAC6921B1E125007D429C /* Sources */ = {
			isa = PBXSourcesBuildPhase;
			buildActionMask = 2147483647;
			files = (
				3DECAC7021B1E125007D429C /* main.swift in Sources */,
			);
			runOnlyForDeploymentPostprocessing = 0;
		};
		570E071E23DC935700DA5FAF /* Sources */ = {
			isa = PBXSourcesBuildPhase;
			buildActionMask = 2147483647;
			files = (
				570E072E23DC935700DA5FAF /* main.m in Sources */,
				570E072623DC935700DA5FAF /* AppDelegate.m in Sources */,
				570E073623DC989500DA5FAF /* Renderer.m in Sources */,
				570E073923DCA3CF00DA5FAF /* Simple.metal in Sources */,
			);
			runOnlyForDeploymentPostprocessing = 0;
		};
		574B19E221B2190800C0C54F /* Sources */ = {
			isa = PBXSourcesBuildPhase;
			buildActionMask = 2147483647;
			files = (
				574B19EB21B2190800C0C54F /* ViewControllerSCN.swift in Sources */,
				574B19E921B2190800C0C54F /* AppDelegate.swift in Sources */,
				574B19F721B2196E00C0C54F /* SceneView.swift in Sources */,
			);
			runOnlyForDeploymentPostprocessing = 0;
		};
		577E617723D5191C00A5FB49 /* Sources */ = {
			isa = PBXSourcesBuildPhase;
			buildActionMask = 2147483647;
			files = (
				577E617E23D5191C00A5FB49 /* AppDelegate.swift in Sources */,
				577E618A23D51EEA00A5FB49 /* BaseShader.metal in Sources */,
			);
			runOnlyForDeploymentPostprocessing = 0;
		};
		577E618C23D5EE7C00A5FB49 /* Sources */ = {
			isa = PBXSourcesBuildPhase;
			buildActionMask = 2147483647;
			files = (
				577E619F23D5EF6000A5FB49 /* Arith.metal in Sources */,
				577E619323D5EE7C00A5FB49 /* AppDelegate.swift in Sources */,
			);
			runOnlyForDeploymentPostprocessing = 0;
		};
/* End PBXSourcesBuildPhase section */

/* Begin PBXVariantGroup section */
		3D6A248221B043B300F054E5 /* Main2.storyboard */ = {
			isa = PBXVariantGroup;
			children = (
				3D6A248321B043B300F054E5 /* Base */,
			);
			name = Main2.storyboard;
			sourceTree = "<group>";
		};
		3DA6DCF821B193E600E1131B /* Main.storyboard */ = {
			isa = PBXVariantGroup;
			children = (
				3DA6DCF921B193E600E1131B /* Base */,
			);
			name = Main.storyboard;
			sourceTree = "<group>";
		};
		3DA6DCFD21B193E700E1131B /* LaunchScreen.storyboard */ = {
			isa = PBXVariantGroup;
			children = (
				3DA6DCFE21B193E700E1131B /* Base */,
			);
			name = LaunchScreen.storyboard;
			sourceTree = "<group>";
		};
		3DC222BC21AF31D700A50060 /* Main.storyboard */ = {
			isa = PBXVariantGroup;
			children = (
				3DC222BD21AF31D700A50060 /* Base */,
			);
			name = Main.storyboard;
			sourceTree = "<group>";
		};
		570E072923DC935700DA5FAF /* MainMenu.xib */ = {
			isa = PBXVariantGroup;
			children = (
				570E072A23DC935700DA5FAF /* Base */,
			);
			name = MainMenu.xib;
			sourceTree = "<group>";
		};
		574B19EE21B2190A00C0C54F /* Main.storyboard */ = {
			isa = PBXVariantGroup;
			children = (
				574B19EF21B2190A00C0C54F /* Base */,
			);
			name = Main.storyboard;
			sourceTree = "<group>";
		};
		577E618123D5191E00A5FB49 /* MainMenu.xib */ = {
			isa = PBXVariantGroup;
			children = (
				577E618223D5191E00A5FB49 /* Base */,
			);
			name = MainMenu.xib;
			sourceTree = "<group>";
		};
		577E619623D5EE7E00A5FB49 /* MainMenu.xib */ = {
			isa = PBXVariantGroup;
			children = (
				577E619723D5EE7E00A5FB49 /* Base */,
			);
			name = MainMenu.xib;
			sourceTree = "<group>";
		};
		578667C921C0A60B006CB17D /* Main-no-control.storyboard */ = {
			isa = PBXVariantGroup;
			children = (
				578667CA21C0A60B006CB17D /* Base */,
			);
			name = "Main-no-control.storyboard";
			sourceTree = "<group>";
		};
/* End PBXVariantGroup section */

/* Begin XCBuildConfiguration section */
		3D6A247221B03F0300F054E5 /* Debug */ = {
			isa = XCBuildConfiguration;
			buildSettings = {
				ASSETCATALOG_COMPILER_APPICON_NAME = AppIcon;
				CODE_SIGN_ENTITLEMENTS = Matrices/Matrices.entitlements;
				CODE_SIGN_STYLE = Automatic;
				COMBINE_HIDPI_IMAGES = YES;
				DEVELOPMENT_TEAM = 3C42F7N9CQ;
				INFOPLIST_FILE = Matrices/Info.plist;
				LD_RUNPATH_SEARCH_PATHS = (
					"$(inherited)",
					"@executable_path/../Frameworks",
				);
				PRODUCT_BUNDLE_IDENTIFIER = com.jossy.Matrices;
				PRODUCT_NAME = "$(TARGET_NAME)";
				SWIFT_VERSION = 4.2;
			};
			name = Debug;
		};
		3D6A247321B03F0300F054E5 /* Release */ = {
			isa = XCBuildConfiguration;
			buildSettings = {
				ASSETCATALOG_COMPILER_APPICON_NAME = AppIcon;
				CODE_SIGN_ENTITLEMENTS = Matrices/Matrices.entitlements;
				CODE_SIGN_STYLE = Automatic;
				COMBINE_HIDPI_IMAGES = YES;
				DEVELOPMENT_TEAM = 3C42F7N9CQ;
				INFOPLIST_FILE = Matrices/Info.plist;
				LD_RUNPATH_SEARCH_PATHS = (
					"$(inherited)",
					"@executable_path/../Frameworks",
				);
				PRODUCT_BUNDLE_IDENTIFIER = com.jossy.Matrices;
				PRODUCT_NAME = "$(TARGET_NAME)";
				SWIFT_VERSION = 4.2;
			};
			name = Release;
		};
		3D6A249721B06FB200F054E5 /* Debug */ = {
			isa = XCBuildConfiguration;
			buildSettings = {
				ASSETCATALOG_COMPILER_APPICON_NAME = AppIcon;
				CODE_SIGN_ENTITLEMENTS = ScaleRotate/ScaleRotate.entitlements;
				CODE_SIGN_STYLE = Automatic;
				COMBINE_HIDPI_IMAGES = YES;
				DEVELOPMENT_TEAM = 3C42F7N9CQ;
				INFOPLIST_FILE = ScaleRotate/Info.plist;
				LD_RUNPATH_SEARCH_PATHS = (
					"$(inherited)",
					"@executable_path/../Frameworks",
				);
				PRODUCT_BUNDLE_IDENTIFIER = com.jossy.ScaleRotate;
				PRODUCT_NAME = "$(TARGET_NAME)";
				SWIFT_VERSION = 4.2;
			};
			name = Debug;
		};
		3D6A249821B06FB200F054E5 /* Release */ = {
			isa = XCBuildConfiguration;
			buildSettings = {
				ASSETCATALOG_COMPILER_APPICON_NAME = AppIcon;
				CODE_SIGN_ENTITLEMENTS = ScaleRotate/ScaleRotate.entitlements;
				CODE_SIGN_STYLE = Automatic;
				COMBINE_HIDPI_IMAGES = YES;
				DEVELOPMENT_TEAM = 3C42F7N9CQ;
				INFOPLIST_FILE = ScaleRotate/Info.plist;
				LD_RUNPATH_SEARCH_PATHS = (
					"$(inherited)",
					"@executable_path/../Frameworks",
				);
				PRODUCT_BUNDLE_IDENTIFIER = com.jossy.ScaleRotate;
				PRODUCT_NAME = "$(TARGET_NAME)";
				SWIFT_VERSION = 4.2;
			};
			name = Release;
		};
		3D78010721C03B3C0024E261 /* Debug */ = {
			isa = XCBuildConfiguration;
			buildSettings = {
				ASSETCATALOG_COMPILER_APPICON_NAME = AppIcon;
				CODE_SIGN_ENTITLEMENTS = Lighting2SceneGraph/Lighting2SceneGraph.entitlements;
				CODE_SIGN_STYLE = Automatic;
				COMBINE_HIDPI_IMAGES = YES;
				DEVELOPMENT_TEAM = 3C42F7N9CQ;
				INFOPLIST_FILE = Lighting2SceneGraph/Info.plist;
				LD_RUNPATH_SEARCH_PATHS = (
					"$(inherited)",
					"@executable_path/../Frameworks",
				);
				PRODUCT_BUNDLE_IDENTIFIER = com.jossy.Lighting2SceneGraph;
				PRODUCT_NAME = "$(TARGET_NAME)";
				SWIFT_VERSION = 4.2;
			};
			name = Debug;
		};
		3D78010821C03B3C0024E261 /* Release */ = {
			isa = XCBuildConfiguration;
			buildSettings = {
				ASSETCATALOG_COMPILER_APPICON_NAME = AppIcon;
				CODE_SIGN_ENTITLEMENTS = Lighting2SceneGraph/Lighting2SceneGraph.entitlements;
				CODE_SIGN_STYLE = Automatic;
				COMBINE_HIDPI_IMAGES = YES;
				DEVELOPMENT_TEAM = 3C42F7N9CQ;
				INFOPLIST_FILE = Lighting2SceneGraph/Info.plist;
				LD_RUNPATH_SEARCH_PATHS = (
					"$(inherited)",
					"@executable_path/../Frameworks",
				);
				PRODUCT_BUNDLE_IDENTIFIER = com.jossy.Lighting2SceneGraph;
				PRODUCT_NAME = "$(TARGET_NAME)";
				SWIFT_VERSION = 4.2;
			};
			name = Release;
		};
		3D8FFE2E21B70DF8003A081B /* Debug */ = {
			isa = XCBuildConfiguration;
			buildSettings = {
				ASSETCATALOG_COMPILER_APPICON_NAME = AppIcon;
				CODE_SIGN_ENTITLEMENTS = Lighting/Lighting.entitlements;
				CODE_SIGN_STYLE = Automatic;
				COMBINE_HIDPI_IMAGES = YES;
				DEVELOPMENT_TEAM = 3C42F7N9CQ;
				INFOPLIST_FILE = Lighting/Info.plist;
				LD_RUNPATH_SEARCH_PATHS = (
					"$(inherited)",
					"@executable_path/../Frameworks",
				);
				MACOSX_DEPLOYMENT_TARGET = 10.13;
				PRODUCT_BUNDLE_IDENTIFIER = com.jossy.Lighting;
				PRODUCT_NAME = "$(TARGET_NAME)";
				SWIFT_OBJC_BRIDGING_HEADER = "$(PROJECT_DIR)/Common.h";
				SWIFT_VERSION = 4.2;
			};
			name = Debug;
		};
		3D8FFE2F21B70DF8003A081B /* Release */ = {
			isa = XCBuildConfiguration;
			buildSettings = {
				ASSETCATALOG_COMPILER_APPICON_NAME = AppIcon;
				CODE_SIGN_ENTITLEMENTS = Lighting/Lighting.entitlements;
				CODE_SIGN_STYLE = Automatic;
				COMBINE_HIDPI_IMAGES = YES;
				DEVELOPMENT_TEAM = 3C42F7N9CQ;
				INFOPLIST_FILE = Lighting/Info.plist;
				LD_RUNPATH_SEARCH_PATHS = (
					"$(inherited)",
					"@executable_path/../Frameworks",
				);
				MACOSX_DEPLOYMENT_TARGET = 10.13;
				PRODUCT_BUNDLE_IDENTIFIER = com.jossy.Lighting;
				PRODUCT_NAME = "$(TARGET_NAME)";
				SWIFT_OBJC_BRIDGING_HEADER = "$(PROJECT_DIR)/Common.h";
				SWIFT_VERSION = 4.2;
			};
			name = Release;
		};
		3DA6DCDB21B1859900E1131B /* Debug */ = {
			isa = XCBuildConfiguration;
			buildSettings = {
				ASSETCATALOG_COMPILER_APPICON_NAME = AppIcon;
				CODE_SIGN_ENTITLEMENTS = Projection/Projection.entitlements;
				CODE_SIGN_STYLE = Automatic;
				COMBINE_HIDPI_IMAGES = YES;
				DEVELOPMENT_TEAM = 3C42F7N9CQ;
				INFOPLIST_FILE = Projection/Info.plist;
				LD_RUNPATH_SEARCH_PATHS = (
					"$(inherited)",
					"@executable_path/../Frameworks",
				);
				PRODUCT_BUNDLE_IDENTIFIER = com.jossy.Projection;
				PRODUCT_NAME = "$(TARGET_NAME)";
				SWIFT_VERSION = 4.2;
			};
			name = Debug;
		};
		3DA6DCDC21B1859900E1131B /* Release */ = {
			isa = XCBuildConfiguration;
			buildSettings = {
				ASSETCATALOG_COMPILER_APPICON_NAME = AppIcon;
				CODE_SIGN_ENTITLEMENTS = Projection/Projection.entitlements;
				CODE_SIGN_STYLE = Automatic;
				COMBINE_HIDPI_IMAGES = YES;
				DEVELOPMENT_TEAM = 3C42F7N9CQ;
				INFOPLIST_FILE = Projection/Info.plist;
				LD_RUNPATH_SEARCH_PATHS = (
					"$(inherited)",
					"@executable_path/../Frameworks",
				);
				PRODUCT_BUNDLE_IDENTIFIER = com.jossy.Projection;
				PRODUCT_NAME = "$(TARGET_NAME)";
				SWIFT_VERSION = 4.2;
			};
			name = Release;
		};
		3DA6DD0221B193E700E1131B /* Debug */ = {
			isa = XCBuildConfiguration;
			buildSettings = {
				ASSETCATALOG_COMPILER_APPICON_NAME = AppIcon;
				CODE_SIGN_IDENTITY = "iPhone Developer";
				CODE_SIGN_STYLE = Automatic;
				DEVELOPMENT_TEAM = 3C42F7N9CQ;
				INFOPLIST_FILE = HypeTrain/Info.plist;
				IPHONEOS_DEPLOYMENT_TARGET = 12.1;
				LD_RUNPATH_SEARCH_PATHS = (
					"$(inherited)",
					"@executable_path/Frameworks",
				);
				PRODUCT_BUNDLE_IDENTIFIER = com.jossy.HypeTrain;
				PRODUCT_NAME = "$(TARGET_NAME)";
				SDKROOT = iphoneos;
				SWIFT_VERSION = 4.2;
				TARGETED_DEVICE_FAMILY = "1,2";
			};
			name = Debug;
		};
		3DA6DD0321B193E700E1131B /* Release */ = {
			isa = XCBuildConfiguration;
			buildSettings = {
				ASSETCATALOG_COMPILER_APPICON_NAME = AppIcon;
				CODE_SIGN_IDENTITY = "iPhone Developer";
				CODE_SIGN_STYLE = Automatic;
				DEVELOPMENT_TEAM = 3C42F7N9CQ;
				INFOPLIST_FILE = HypeTrain/Info.plist;
				IPHONEOS_DEPLOYMENT_TARGET = 12.1;
				LD_RUNPATH_SEARCH_PATHS = (
					"$(inherited)",
					"@executable_path/Frameworks",
				);
				PRODUCT_BUNDLE_IDENTIFIER = com.jossy.HypeTrain;
				PRODUCT_NAME = "$(TARGET_NAME)";
				SDKROOT = iphoneos;
				SWIFT_VERSION = 4.2;
				TARGETED_DEVICE_FAMILY = "1,2";
				VALIDATE_PRODUCT = YES;
			};
			name = Release;
		};
		3DC222C121AF31D700A50060 /* Debug */ = {
			isa = XCBuildConfiguration;
			buildSettings = {
				ALWAYS_SEARCH_USER_PATHS = NO;
				CLANG_ANALYZER_NONNULL = YES;
				CLANG_ANALYZER_NUMBER_OBJECT_CONVERSION = YES_AGGRESSIVE;
				CLANG_CXX_LANGUAGE_STANDARD = "gnu++14";
				CLANG_CXX_LIBRARY = "libc++";
				CLANG_ENABLE_MODULES = YES;
				CLANG_ENABLE_OBJC_ARC = YES;
				CLANG_ENABLE_OBJC_WEAK = YES;
				CLANG_WARN_BLOCK_CAPTURE_AUTORELEASING = YES;
				CLANG_WARN_BOOL_CONVERSION = YES;
				CLANG_WARN_COMMA = YES;
				CLANG_WARN_CONSTANT_CONVERSION = YES;
				CLANG_WARN_DEPRECATED_OBJC_IMPLEMENTATIONS = YES;
				CLANG_WARN_DIRECT_OBJC_ISA_USAGE = YES_ERROR;
				CLANG_WARN_DOCUMENTATION_COMMENTS = YES;
				CLANG_WARN_EMPTY_BODY = YES;
				CLANG_WARN_ENUM_CONVERSION = YES;
				CLANG_WARN_INFINITE_RECURSION = YES;
				CLANG_WARN_INT_CONVERSION = YES;
				CLANG_WARN_NON_LITERAL_NULL_CONVERSION = YES;
				CLANG_WARN_OBJC_IMPLICIT_RETAIN_SELF = YES;
				CLANG_WARN_OBJC_LITERAL_CONVERSION = YES;
				CLANG_WARN_OBJC_ROOT_CLASS = YES_ERROR;
				CLANG_WARN_RANGE_LOOP_ANALYSIS = YES;
				CLANG_WARN_STRICT_PROTOTYPES = YES;
				CLANG_WARN_SUSPICIOUS_MOVE = YES;
				CLANG_WARN_UNGUARDED_AVAILABILITY = YES_AGGRESSIVE;
				CLANG_WARN_UNREACHABLE_CODE = YES;
				CLANG_WARN__DUPLICATE_METHOD_MATCH = YES;
				CODE_SIGN_IDENTITY = "Mac Developer";
				COPY_PHASE_STRIP = NO;
				DEBUG_INFORMATION_FORMAT = dwarf;
				ENABLE_STRICT_OBJC_MSGSEND = YES;
				ENABLE_TESTABILITY = YES;
				GCC_C_LANGUAGE_STANDARD = gnu11;
				GCC_DYNAMIC_NO_PIC = NO;
				GCC_NO_COMMON_BLOCKS = YES;
				GCC_OPTIMIZATION_LEVEL = 0;
				GCC_PREPROCESSOR_DEFINITIONS = (
					"DEBUG=1",
					"$(inherited)",
				);
				GCC_WARN_64_TO_32_BIT_CONVERSION = YES;
				GCC_WARN_ABOUT_RETURN_TYPE = YES_ERROR;
				GCC_WARN_UNDECLARED_SELECTOR = YES;
				GCC_WARN_UNINITIALIZED_AUTOS = YES_AGGRESSIVE;
				GCC_WARN_UNUSED_FUNCTION = YES;
				GCC_WARN_UNUSED_VARIABLE = YES;
				MACOSX_DEPLOYMENT_TARGET = 10.13;
				MTL_ENABLE_DEBUG_INFO = INCLUDE_SOURCE;
				MTL_FAST_MATH = YES;
				ONLY_ACTIVE_ARCH = YES;
				SDKROOT = macosx;
				SWIFT_ACTIVE_COMPILATION_CONDITIONS = DEBUG;
				SWIFT_OBJC_BRIDGING_HEADER = Common.h;
				SWIFT_OPTIMIZATION_LEVEL = "-Onone";
			};
			name = Debug;
		};
		3DC222C221AF31D700A50060 /* Release */ = {
			isa = XCBuildConfiguration;
			buildSettings = {
				ALWAYS_SEARCH_USER_PATHS = NO;
				CLANG_ANALYZER_NONNULL = YES;
				CLANG_ANALYZER_NUMBER_OBJECT_CONVERSION = YES_AGGRESSIVE;
				CLANG_CXX_LANGUAGE_STANDARD = "gnu++14";
				CLANG_CXX_LIBRARY = "libc++";
				CLANG_ENABLE_MODULES = YES;
				CLANG_ENABLE_OBJC_ARC = YES;
				CLANG_ENABLE_OBJC_WEAK = YES;
				CLANG_WARN_BLOCK_CAPTURE_AUTORELEASING = YES;
				CLANG_WARN_BOOL_CONVERSION = YES;
				CLANG_WARN_COMMA = YES;
				CLANG_WARN_CONSTANT_CONVERSION = YES;
				CLANG_WARN_DEPRECATED_OBJC_IMPLEMENTATIONS = YES;
				CLANG_WARN_DIRECT_OBJC_ISA_USAGE = YES_ERROR;
				CLANG_WARN_DOCUMENTATION_COMMENTS = YES;
				CLANG_WARN_EMPTY_BODY = YES;
				CLANG_WARN_ENUM_CONVERSION = YES;
				CLANG_WARN_INFINITE_RECURSION = YES;
				CLANG_WARN_INT_CONVERSION = YES;
				CLANG_WARN_NON_LITERAL_NULL_CONVERSION = YES;
				CLANG_WARN_OBJC_IMPLICIT_RETAIN_SELF = YES;
				CLANG_WARN_OBJC_LITERAL_CONVERSION = YES;
				CLANG_WARN_OBJC_ROOT_CLASS = YES_ERROR;
				CLANG_WARN_RANGE_LOOP_ANALYSIS = YES;
				CLANG_WARN_STRICT_PROTOTYPES = YES;
				CLANG_WARN_SUSPICIOUS_MOVE = YES;
				CLANG_WARN_UNGUARDED_AVAILABILITY = YES_AGGRESSIVE;
				CLANG_WARN_UNREACHABLE_CODE = YES;
				CLANG_WARN__DUPLICATE_METHOD_MATCH = YES;
				CODE_SIGN_IDENTITY = "Mac Developer";
				COPY_PHASE_STRIP = NO;
				DEBUG_INFORMATION_FORMAT = "dwarf-with-dsym";
				ENABLE_NS_ASSERTIONS = NO;
				ENABLE_STRICT_OBJC_MSGSEND = YES;
				GCC_C_LANGUAGE_STANDARD = gnu11;
				GCC_NO_COMMON_BLOCKS = YES;
				GCC_WARN_64_TO_32_BIT_CONVERSION = YES;
				GCC_WARN_ABOUT_RETURN_TYPE = YES_ERROR;
				GCC_WARN_UNDECLARED_SELECTOR = YES;
				GCC_WARN_UNINITIALIZED_AUTOS = YES_AGGRESSIVE;
				GCC_WARN_UNUSED_FUNCTION = YES;
				GCC_WARN_UNUSED_VARIABLE = YES;
				MACOSX_DEPLOYMENT_TARGET = 10.13;
				MTL_ENABLE_DEBUG_INFO = NO;
				MTL_FAST_MATH = YES;
				SDKROOT = macosx;
				SWIFT_COMPILATION_MODE = wholemodule;
				SWIFT_OBJC_BRIDGING_HEADER = Common.h;
				SWIFT_OPTIMIZATION_LEVEL = "-O";
			};
			name = Release;
		};
		3DC222C421AF31D700A50060 /* Debug */ = {
			isa = XCBuildConfiguration;
			buildSettings = {
				ASSETCATALOG_COMPILER_APPICON_NAME = AppIcon;
				CODE_SIGN_ENTITLEMENTS = MetalTemplate/MetalTemplate.entitlements;
				CODE_SIGN_STYLE = Automatic;
				COMBINE_HIDPI_IMAGES = YES;
				DEVELOPMENT_TEAM = 3C42F7N9CQ;
				INFOPLIST_FILE = MetalTemplate/Info.plist;
				LD_RUNPATH_SEARCH_PATHS = (
					"$(inherited)",
					"@executable_path/../Frameworks",
				);
				PRODUCT_BUNDLE_IDENTIFIER = com.jossy.MetalTemplate;
				PRODUCT_NAME = "$(TARGET_NAME)";
				SWIFT_VERSION = 4.2;
			};
			name = Debug;
		};
		3DC222C521AF31D700A50060 /* Release */ = {
			isa = XCBuildConfiguration;
			buildSettings = {
				ASSETCATALOG_COMPILER_APPICON_NAME = AppIcon;
				CODE_SIGN_ENTITLEMENTS = MetalTemplate/MetalTemplate.entitlements;
				CODE_SIGN_STYLE = Automatic;
				COMBINE_HIDPI_IMAGES = YES;
				DEVELOPMENT_TEAM = 3C42F7N9CQ;
				INFOPLIST_FILE = MetalTemplate/Info.plist;
				LD_RUNPATH_SEARCH_PATHS = (
					"$(inherited)",
					"@executable_path/../Frameworks",
				);
				PRODUCT_BUNDLE_IDENTIFIER = com.jossy.MetalTemplate;
				PRODUCT_NAME = "$(TARGET_NAME)";
				SWIFT_VERSION = 4.2;
			};
			name = Release;
		};
		3DECAC6721B1B830007D429C /* Debug */ = {
			isa = XCBuildConfiguration;
			buildSettings = {
				CODE_SIGN_STYLE = Automatic;
				DEVELOPMENT_TEAM = 3C42F7N9CQ;
				PRODUCT_NAME = "$(TARGET_NAME)";
				SWIFT_VERSION = 4.2;
			};
			name = Debug;
		};
		3DECAC6821B1B830007D429C /* Release */ = {
			isa = XCBuildConfiguration;
			buildSettings = {
				CODE_SIGN_STYLE = Automatic;
				DEVELOPMENT_TEAM = 3C42F7N9CQ;
				PRODUCT_NAME = "$(TARGET_NAME)";
				SWIFT_VERSION = 4.2;
			};
			name = Release;
		};
		3DECAC7221B1E125007D429C /* Debug */ = {
			isa = XCBuildConfiguration;
			buildSettings = {
				CODE_SIGN_STYLE = Automatic;
				DEVELOPMENT_TEAM = 3C42F7N9CQ;
				PRODUCT_NAME = "$(TARGET_NAME)";
				SWIFT_VERSION = 4.2;
			};
			name = Debug;
		};
		3DECAC7321B1E125007D429C /* Release */ = {
			isa = XCBuildConfiguration;
			buildSettings = {
				CODE_SIGN_STYLE = Automatic;
				DEVELOPMENT_TEAM = 3C42F7N9CQ;
				PRODUCT_NAME = "$(TARGET_NAME)";
				SWIFT_VERSION = 4.2;
			};
			name = Release;
		};
		570E073023DC935700DA5FAF /* Debug */ = {
			isa = XCBuildConfiguration;
			buildSettings = {
				ASSETCATALOG_COMPILER_APPICON_NAME = AppIcon;
				CODE_SIGN_ENTITLEMENTS = HelloTriangle/HelloTriangle.entitlements;
				CODE_SIGN_STYLE = Automatic;
				COMBINE_HIDPI_IMAGES = YES;
				DEVELOPMENT_TEAM = 3C42F7N9CQ;
				ENABLE_HARDENED_RUNTIME = YES;
				INFOPLIST_FILE = HelloTriangle/Info.plist;
				LD_RUNPATH_SEARCH_PATHS = (
					"$(inherited)",
					"@executable_path/../Frameworks",
				);
				MACOSX_DEPLOYMENT_TARGET = 10.15;
				PRODUCT_BUNDLE_IDENTIFIER = co.jossy.HelloTriangle;
				PRODUCT_NAME = "$(TARGET_NAME)";
			};
			name = Debug;
		};
		570E073123DC935700DA5FAF /* Release */ = {
			isa = XCBuildConfiguration;
			buildSettings = {
				ASSETCATALOG_COMPILER_APPICON_NAME = AppIcon;
				CODE_SIGN_ENTITLEMENTS = HelloTriangle/HelloTriangle.entitlements;
				CODE_SIGN_STYLE = Automatic;
				COMBINE_HIDPI_IMAGES = YES;
				DEVELOPMENT_TEAM = 3C42F7N9CQ;
				ENABLE_HARDENED_RUNTIME = YES;
				INFOPLIST_FILE = HelloTriangle/Info.plist;
				LD_RUNPATH_SEARCH_PATHS = (
					"$(inherited)",
					"@executable_path/../Frameworks",
				);
				MACOSX_DEPLOYMENT_TARGET = 10.15;
				PRODUCT_BUNDLE_IDENTIFIER = co.jossy.HelloTriangle;
				PRODUCT_NAME = "$(TARGET_NAME)";
			};
			name = Release;
		};
		574B19F321B2190A00C0C54F /* Debug */ = {
			isa = XCBuildConfiguration;
			buildSettings = {
				ASSETCATALOG_COMPILER_APPICON_NAME = AppIcon;
				CODE_SIGN_ENTITLEMENTS = SceneKit/ModelIOVoxelSmash/ModelIOVoxelSmash.entitlements;
				CODE_SIGN_STYLE = Automatic;
				COMBINE_HIDPI_IMAGES = YES;
				DEVELOPMENT_TEAM = 3C42F7N9CQ;
				INFOPLIST_FILE = SceneKit/ModelIOVoxelSmash/Info.plist;
				LD_RUNPATH_SEARCH_PATHS = (
					"$(inherited)",
					"@executable_path/../Frameworks",
				);
				MACOSX_DEPLOYMENT_TARGET = 10.14;
				PRODUCT_BUNDLE_IDENTIFIER = co.jossy.ModelIOVoxelSmash;
				PRODUCT_NAME = "$(TARGET_NAME)";
				SWIFT_VERSION = 4.2;
			};
			name = Debug;
		};
		574B19F421B2190A00C0C54F /* Release */ = {
			isa = XCBuildConfiguration;
			buildSettings = {
				ASSETCATALOG_COMPILER_APPICON_NAME = AppIcon;
				CODE_SIGN_ENTITLEMENTS = SceneKit/ModelIOVoxelSmash/ModelIOVoxelSmash.entitlements;
				CODE_SIGN_STYLE = Automatic;
				COMBINE_HIDPI_IMAGES = YES;
				DEVELOPMENT_TEAM = 3C42F7N9CQ;
				INFOPLIST_FILE = SceneKit/ModelIOVoxelSmash/Info.plist;
				LD_RUNPATH_SEARCH_PATHS = (
					"$(inherited)",
					"@executable_path/../Frameworks",
				);
				MACOSX_DEPLOYMENT_TARGET = 10.14;
				PRODUCT_BUNDLE_IDENTIFIER = co.jossy.ModelIOVoxelSmash;
				PRODUCT_NAME = "$(TARGET_NAME)";
				SWIFT_VERSION = 4.2;
			};
			name = Release;
		};
		577E618623D5191E00A5FB49 /* Debug */ = {
			isa = XCBuildConfiguration;
			buildSettings = {
				ASSETCATALOG_COMPILER_APPICON_NAME = AppIcon;
				CODE_SIGN_ENTITLEMENTS = MetalFromTheStartAgain/MetalFromTheStartAgain.entitlements;
				CODE_SIGN_STYLE = Automatic;
				COMBINE_HIDPI_IMAGES = YES;
				DEVELOPMENT_TEAM = 3C42F7N9CQ;
				ENABLE_HARDENED_RUNTIME = YES;
				INFOPLIST_FILE = MetalFromTheStartAgain/Info.plist;
				LD_RUNPATH_SEARCH_PATHS = (
					"$(inherited)",
					"@executable_path/../Frameworks",
				);
				MACOSX_DEPLOYMENT_TARGET = 10.15;
				PRODUCT_BUNDLE_IDENTIFIER = co.jossy.MetalFromTheStartAgain;
				PRODUCT_NAME = "$(TARGET_NAME)";
				SWIFT_VERSION = 5.0;
			};
			name = Debug;
		};
		577E618723D5191E00A5FB49 /* Release */ = {
			isa = XCBuildConfiguration;
			buildSettings = {
				ASSETCATALOG_COMPILER_APPICON_NAME = AppIcon;
				CODE_SIGN_ENTITLEMENTS = MetalFromTheStartAgain/MetalFromTheStartAgain.entitlements;
				CODE_SIGN_STYLE = Automatic;
				COMBINE_HIDPI_IMAGES = YES;
				DEVELOPMENT_TEAM = 3C42F7N9CQ;
				ENABLE_HARDENED_RUNTIME = YES;
				INFOPLIST_FILE = MetalFromTheStartAgain/Info.plist;
				LD_RUNPATH_SEARCH_PATHS = (
					"$(inherited)",
					"@executable_path/../Frameworks",
				);
				MACOSX_DEPLOYMENT_TARGET = 10.15;
				PRODUCT_BUNDLE_IDENTIFIER = co.jossy.MetalFromTheStartAgain;
				PRODUCT_NAME = "$(TARGET_NAME)";
				SWIFT_VERSION = 5.0;
			};
			name = Release;
		};
		577E619B23D5EE7E00A5FB49 /* Debug */ = {
			isa = XCBuildConfiguration;
			buildSettings = {
				ASSETCATALOG_COMPILER_APPICON_NAME = AppIcon;
				CODE_SIGN_ENTITLEMENTS = MetalArithmetic/MetalArithmetic.entitlements;
				CODE_SIGN_STYLE = Automatic;
				COMBINE_HIDPI_IMAGES = YES;
				DEVELOPMENT_TEAM = 3C42F7N9CQ;
				ENABLE_HARDENED_RUNTIME = YES;
				INFOPLIST_FILE = MetalArithmetic/Info.plist;
				LD_RUNPATH_SEARCH_PATHS = (
					"$(inherited)",
					"@executable_path/../Frameworks",
				);
				MACOSX_DEPLOYMENT_TARGET = 10.15;
				PRODUCT_BUNDLE_IDENTIFIER = co.jossy.MetalArithmetic;
				PRODUCT_NAME = "$(TARGET_NAME)";
				SWIFT_VERSION = 5.0;
			};
			name = Debug;
		};
		577E619C23D5EE7E00A5FB49 /* Release */ = {
			isa = XCBuildConfiguration;
			buildSettings = {
				ASSETCATALOG_COMPILER_APPICON_NAME = AppIcon;
				CODE_SIGN_ENTITLEMENTS = MetalArithmetic/MetalArithmetic.entitlements;
				CODE_SIGN_STYLE = Automatic;
				COMBINE_HIDPI_IMAGES = YES;
				DEVELOPMENT_TEAM = 3C42F7N9CQ;
				ENABLE_HARDENED_RUNTIME = YES;
				INFOPLIST_FILE = MetalArithmetic/Info.plist;
				LD_RUNPATH_SEARCH_PATHS = (
					"$(inherited)",
					"@executable_path/../Frameworks",
				);
				MACOSX_DEPLOYMENT_TARGET = 10.15;
				PRODUCT_BUNDLE_IDENTIFIER = co.jossy.MetalArithmetic;
				PRODUCT_NAME = "$(TARGET_NAME)";
				SWIFT_VERSION = 5.0;
			};
			name = Release;
		};
/* End XCBuildConfiguration section */

/* Begin XCConfigurationList section */
		3D6A247121B03F0300F054E5 /* Build configuration list for PBXNativeTarget "TranslateMatrix" */ = {
			isa = XCConfigurationList;
			buildConfigurations = (
				3D6A247221B03F0300F054E5 /* Debug */,
				3D6A247321B03F0300F054E5 /* Release */,
			);
			defaultConfigurationIsVisible = 0;
			defaultConfigurationName = Release;
		};
		3D6A249621B06FB200F054E5 /* Build configuration list for PBXNativeTarget "ScaleRotateMatrix" */ = {
			isa = XCConfigurationList;
			buildConfigurations = (
				3D6A249721B06FB200F054E5 /* Debug */,
				3D6A249821B06FB200F054E5 /* Release */,
			);
			defaultConfigurationIsVisible = 0;
			defaultConfigurationName = Release;
		};
		3D78010921C03B3C0024E261 /* Build configuration list for PBXNativeTarget "Lighting2SceneGraph" */ = {
			isa = XCConfigurationList;
			buildConfigurations = (
				3D78010721C03B3C0024E261 /* Debug */,
				3D78010821C03B3C0024E261 /* Release */,
			);
			defaultConfigurationIsVisible = 0;
			defaultConfigurationName = Release;
		};
		3D8FFE2D21B70DF8003A081B /* Build configuration list for PBXNativeTarget "Lighting" */ = {
			isa = XCConfigurationList;
			buildConfigurations = (
				3D8FFE2E21B70DF8003A081B /* Debug */,
				3D8FFE2F21B70DF8003A081B /* Release */,
			);
			defaultConfigurationIsVisible = 0;
			defaultConfigurationName = Release;
		};
		3DA6DCDD21B1859900E1131B /* Build configuration list for PBXNativeTarget "Projection" */ = {
			isa = XCConfigurationList;
			buildConfigurations = (
				3DA6DCDB21B1859900E1131B /* Debug */,
				3DA6DCDC21B1859900E1131B /* Release */,
			);
			defaultConfigurationIsVisible = 0;
			defaultConfigurationName = Release;
		};
		3DA6DD0121B193E700E1131B /* Build configuration list for PBXNativeTarget "HypeTrain" */ = {
			isa = XCConfigurationList;
			buildConfigurations = (
				3DA6DD0221B193E700E1131B /* Debug */,
				3DA6DD0321B193E700E1131B /* Release */,
			);
			defaultConfigurationIsVisible = 0;
			defaultConfigurationName = Release;
		};
		3DC222AE21AF31D600A50060 /* Build configuration list for PBXProject "MetalSandbox" */ = {
			isa = XCConfigurationList;
			buildConfigurations = (
				3DC222C121AF31D700A50060 /* Debug */,
				3DC222C221AF31D700A50060 /* Release */,
			);
			defaultConfigurationIsVisible = 0;
			defaultConfigurationName = Release;
		};
		3DC222C321AF31D700A50060 /* Build configuration list for PBXNativeTarget "WavefrontOBJModelIO" */ = {
			isa = XCConfigurationList;
			buildConfigurations = (
				3DC222C421AF31D700A50060 /* Debug */,
				3DC222C521AF31D700A50060 /* Release */,
			);
			defaultConfigurationIsVisible = 0;
			defaultConfigurationName = Release;
		};
		3DECAC6621B1B830007D429C /* Build configuration list for PBXNativeTarget "ModelIOFactory" */ = {
			isa = XCConfigurationList;
			buildConfigurations = (
				3DECAC6721B1B830007D429C /* Debug */,
				3DECAC6821B1B830007D429C /* Release */,
			);
			defaultConfigurationIsVisible = 0;
			defaultConfigurationName = Release;
		};
		3DECAC7121B1E125007D429C /* Build configuration list for PBXNativeTarget "ModelIOVoxels" */ = {
			isa = XCConfigurationList;
			buildConfigurations = (
				3DECAC7221B1E125007D429C /* Debug */,
				3DECAC7321B1E125007D429C /* Release */,
			);
			defaultConfigurationIsVisible = 0;
			defaultConfigurationName = Release;
		};
		570E073223DC935700DA5FAF /* Build configuration list for PBXNativeTarget "HelloTriangle" */ = {
			isa = XCConfigurationList;
			buildConfigurations = (
				570E073023DC935700DA5FAF /* Debug */,
				570E073123DC935700DA5FAF /* Release */,
			);
			defaultConfigurationIsVisible = 0;
			defaultConfigurationName = Release;
		};
		574B19F521B2190A00C0C54F /* Build configuration list for PBXNativeTarget "ModelIOVoxelSmash" */ = {
			isa = XCConfigurationList;
			buildConfigurations = (
				574B19F321B2190A00C0C54F /* Debug */,
				574B19F421B2190A00C0C54F /* Release */,
			);
			defaultConfigurationIsVisible = 0;
			defaultConfigurationName = Release;
		};
		577E618823D5191E00A5FB49 /* Build configuration list for PBXNativeTarget "MetalFromTheStartAgain" */ = {
			isa = XCConfigurationList;
			buildConfigurations = (
				577E618623D5191E00A5FB49 /* Debug */,
				577E618723D5191E00A5FB49 /* Release */,
			);
			defaultConfigurationIsVisible = 0;
			defaultConfigurationName = Release;
		};
		577E619D23D5EE7E00A5FB49 /* Build configuration list for PBXNativeTarget "MetalArithmetic" */ = {
			isa = XCConfigurationList;
			buildConfigurations = (
				577E619B23D5EE7E00A5FB49 /* Debug */,
				577E619C23D5EE7E00A5FB49 /* Release */,
			);
			defaultConfigurationIsVisible = 0;
			defaultConfigurationName = Release;
		};
/* End XCConfigurationList section */
	};
	rootObject = 3DC222AB21AF31D600A50060 /* Project object */;
}
